
Microsoft Visual Studio Solution File, Format Version 12.00
# Visual Studio Version 17
VisualStudioVersion = 17.5.002.0
MinimumVisualStudioVersion = 10.0.40219.1
Project("{9A19103F-16F7-4668-BE54-9A1E7A4F7556}") = "AgregComp", "AgregComp.csproj", "{5B686361-71CF-4870-999A-89F2CE976E59}"
EndProject
Global
	GlobalSection(SolutionConfigurationPlatforms) = preSolution
		Debug|Any CPU = Debug|Any CPU
		Release|Any CPU = Release|Any CPU
	EndGlobalSection
	GlobalSection(ProjectConfigurationPlatforms) = postSolution
		{5B686361-71CF-4870-999A-89F2CE976E59}.Debug|Any CPU.ActiveCfg = Debug|Any CPU
		{5B686361-71CF-4870-999A-89F2CE976E59}.Debug|Any CPU.Build.0 = Debug|Any CPU
		{5B686361-71CF-4870-999A-89F2CE976E59}.Release|Any CPU.ActiveCfg = Release|Any CPU
		{5B686361-71CF-4870-999A-89F2CE976E59}.Release|Any CPU.Build.0 = Release|Any CPU
	EndGlobalSection
	GlobalSection(SolutionProperties) = preSolution
		HideSolutionNode = FALSE
	EndGlobalSection
	GlobalSection(ExtensibilityGlobals) = postSolution
		SolutionGuid = {6778B64B-AA24-4149-9CCF-0140C3C6B82E}
	EndGlobalSection
EndGlobal
