
Microsoft Visual Studio Solution File, Format Version 12.00
# Visual Studio Version 17
VisualStudioVersion = 17.5.002.0
MinimumVisualStudioVersion = 10.0.40219.1
Project("{2150E333-8FDC-42A3-9474-1A3956D46DE8}") = "ESTDAD", "ESTDAD", "{F5E0470F-A467-47FB-A930-A369A263F2C3}"
EndProject
Project("{2150E333-8FDC-42A3-9474-1A3956D46DE8}") = "Recursividade", "Recursividade", "{E92F0A73-0FC7-4352-AF87-A967F44E66F4}"
EndProject
Project("{9A19103F-16F7-4668-BE54-9A1E7A4F7556}") = "MultiplicacaoRecursiva", "ESTDAD\Recursividade\MultiplicacaoRecursiva\MultiplicacaoRecursiva.csproj", "{320A689E-2406-472B-8236-F53831202E45}"
EndProject
Project("{9A19103F-16F7-4668-BE54-9A1E7A4F7556}") = "AdicaoRecursiva", "ESTDAD\Recursividade\AdicaoRecursiva\AdicaoRecursiva.csproj", "{249B163C-9A4B-4585-B16E-56BA7A8CD240}"
EndProject
Project("{9A19103F-16F7-4668-BE54-9A1E7A4F7556}") = "SubtracaoRecursiva", "ESTDAD\Recursividade\SubtracaoRecursiva\SubtracaoRecursiva.csproj", "{E3365868-F65D-4EE1-A59F-82C97A62AA05}"
EndProject
Project("{9A19103F-16F7-4668-BE54-9A1E7A4F7556}") = "ExponenciacaoRecursiva", "ESTDAD\Recursividade\ExponenciacaoRecursiva\ExponenciacaoRecursiva.csproj", "{36298044-C571-4DB3-B01F-C3B0FFC579A2}"
EndProject
Project("{9A19103F-16F7-4668-BE54-9A1E7A4F7556}") = "DivisaoRecursiva", "ESTDAD\Recursividade\DivisaoRecursiva\DivisaoRecursiva.csproj", "{A600A5D0-A554-4FB8-B744-2D9CF3315635}"
EndProject
Project("{9A19103F-16F7-4668-BE54-9A1E7A4F7556}") = "ConversorBinario", "ESTDAD\Recursividade\ConversorBinario\ConversorBinario.csproj", "{1FA51046-FFEF-448B-904D-EB7C14AE55AF}"
EndProject
Global
	GlobalSection(SolutionConfigurationPlatforms) = preSolution
		Debug|Any CPU = Debug|Any CPU
		Release|Any CPU = Release|Any CPU
	EndGlobalSection
	GlobalSection(ProjectConfigurationPlatforms) = postSolution
		{320A689E-2406-472B-8236-F53831202E45}.Debug|Any CPU.ActiveCfg = Debug|Any CPU
		{320A689E-2406-472B-8236-F53831202E45}.Debug|Any CPU.Build.0 = Debug|Any CPU
		{320A689E-2406-472B-8236-F53831202E45}.Release|Any CPU.ActiveCfg = Release|Any CPU
		{320A689E-2406-472B-8236-F53831202E45}.Release|Any CPU.Build.0 = Release|Any CPU
		{249B163C-9A4B-4585-B16E-56BA7A8CD240}.Debug|Any CPU.ActiveCfg = Debug|Any CPU
		{249B163C-9A4B-4585-B16E-56BA7A8CD240}.Debug|Any CPU.Build.0 = Debug|Any CPU
		{249B163C-9A4B-4585-B16E-56BA7A8CD240}.Release|Any CPU.ActiveCfg = Release|Any CPU
		{249B163C-9A4B-4585-B16E-56BA7A8CD240}.Release|Any CPU.Build.0 = Release|Any CPU
		{E3365868-F65D-4EE1-A59F-82C97A62AA05}.Debug|Any CPU.ActiveCfg = Debug|Any CPU
		{E3365868-F65D-4EE1-A59F-82C97A62AA05}.Debug|Any CPU.Build.0 = Debug|Any CPU
		{E3365868-F65D-4EE1-A59F-82C97A62AA05}.Release|Any CPU.ActiveCfg = Release|Any CPU
		{E3365868-F65D-4EE1-A59F-82C97A62AA05}.Release|Any CPU.Build.0 = Release|Any CPU
		{36298044-C571-4DB3-B01F-C3B0FFC579A2}.Debug|Any CPU.ActiveCfg = Debug|Any CPU
		{36298044-C571-4DB3-B01F-C3B0FFC579A2}.Debug|Any CPU.Build.0 = Debug|Any CPU
		{36298044-C571-4DB3-B01F-C3B0FFC579A2}.Release|Any CPU.ActiveCfg = Release|Any CPU
		{36298044-C571-4DB3-B01F-C3B0FFC579A2}.Release|Any CPU.Build.0 = Release|Any CPU
		{A600A5D0-A554-4FB8-B744-2D9CF3315635}.Debug|Any CPU.ActiveCfg = Debug|Any CPU
		{A600A5D0-A554-4FB8-B744-2D9CF3315635}.Debug|Any CPU.Build.0 = Debug|Any CPU
		{A600A5D0-A554-4FB8-B744-2D9CF3315635}.Release|Any CPU.ActiveCfg = Release|Any CPU
		{A600A5D0-A554-4FB8-B744-2D9CF3315635}.Release|Any CPU.Build.0 = Release|Any CPU
		{1FA51046-FFEF-448B-904D-EB7C14AE55AF}.Debug|Any CPU.ActiveCfg = Debug|Any CPU
		{1FA51046-FFEF-448B-904D-EB7C14AE55AF}.Debug|Any CPU.Build.0 = Debug|Any CPU
		{1FA51046-FFEF-448B-904D-EB7C14AE55AF}.Release|Any CPU.ActiveCfg = Release|Any CPU
		{1FA51046-FFEF-448B-904D-EB7C14AE55AF}.Release|Any CPU.Build.0 = Release|Any CPU
	EndGlobalSection
	GlobalSection(SolutionProperties) = preSolution
		HideSolutionNode = FALSE
	EndGlobalSection
	GlobalSection(NestedProjects) = preSolution
		{E92F0A73-0FC7-4352-AF87-A967F44E66F4} = {F5E0470F-A467-47FB-A930-A369A263F2C3}
		{320A689E-2406-472B-8236-F53831202E45} = {E92F0A73-0FC7-4352-AF87-A967F44E66F4}
		{249B163C-9A4B-4585-B16E-56BA7A8CD240} = {E92F0A73-0FC7-4352-AF87-A967F44E66F4}
		{E3365868-F65D-4EE1-A59F-82C97A62AA05} = {E92F0A73-0FC7-4352-AF87-A967F44E66F4}
		{36298044-C571-4DB3-B01F-C3B0FFC579A2} = {E92F0A73-0FC7-4352-AF87-A967F44E66F4}
		{A600A5D0-A554-4FB8-B744-2D9CF3315635} = {E92F0A73-0FC7-4352-AF87-A967F44E66F4}
		{1FA51046-FFEF-448B-904D-EB7C14AE55AF} = {E92F0A73-0FC7-4352-AF87-A967F44E66F4}
	EndGlobalSection
	GlobalSection(ExtensibilityGlobals) = postSolution
		SolutionGuid = {6C97B288-A30D-4515-9963-662649DFAFD4}
	EndGlobalSection
EndGlobal
