
Microsoft Visual Studio Solution File, Format Version 12.00
# Visual Studio Version 17
VisualStudioVersion = 17.5.002.0
MinimumVisualStudioVersion = 10.0.40219.1
Project("{9A19103F-16F7-4668-BE54-9A1E7A4F7556}") = "Sort_Recursivo", "Sort_Recursivo.csproj", "{639F3EB8-F10C-4FAC-B546-0871CBB5C642}"
EndProject
Global
	GlobalSection(SolutionConfigurationPlatforms) = preSolution
		Debug|Any CPU = Debug|Any CPU
		Release|Any CPU = Release|Any CPU
	EndGlobalSection
	GlobalSection(ProjectConfigurationPlatforms) = postSolution
		{639F3EB8-F10C-4FAC-B546-0871CBB5C642}.Debug|Any CPU.ActiveCfg = Debug|Any CPU
		{639F3EB8-F10C-4FAC-B546-0871CBB5C642}.Debug|Any CPU.Build.0 = Debug|Any CPU
		{639F3EB8-F10C-4FAC-B546-0871CBB5C642}.Release|Any CPU.ActiveCfg = Release|Any CPU
		{639F3EB8-F10C-4FAC-B546-0871CBB5C642}.Release|Any CPU.Build.0 = Release|Any CPU
	EndGlobalSection
	GlobalSection(SolutionProperties) = preSolution
		HideSolutionNode = FALSE
	EndGlobalSection
	GlobalSection(ExtensibilityGlobals) = postSolution
		SolutionGuid = {2059E064-116C-42CF-9AFC-3DA4CF576616}
	EndGlobalSection
EndGlobal
