Microsoft Visual Studio Solution File, Format Version 12.00
# Visual Studio Version 17
VisualStudioVersion = 17.5.2.0
MinimumVisualStudioVersion = 10.0.40219.1
Project("{FAE04EC0-301F-11D3-BF4B-00C04F79EFBC}") = "Exemplo2", "Exemplo2\Exemplo2.csproj", "{EE7716AE-683F-94E9-F8E3-A2662E256F45}"
EndProject
Global
	GlobalSection(SolutionConfigurationPlatforms) = preSolution
		Debug|Any CPU = Debug|Any CPU
		Release|Any CPU = Release|Any CPU
	EndGlobalSection
	GlobalSection(ProjectConfigurationPlatforms) = postSolution
		{EE7716AE-683F-94E9-F8E3-A2662E256F45}.Debug|Any CPU.ActiveCfg = Debug|Any CPU
		{EE7716AE-683F-94E9-F8E3-A2662E256F45}.Debug|Any CPU.Build.0 = Debug|Any CPU
		{EE7716AE-683F-94E9-F8E3-A2662E256F45}.Release|Any CPU.ActiveCfg = Release|Any CPU
		{EE7716AE-683F-94E9-F8E3-A2662E256F45}.Release|Any CPU.Build.0 = Release|Any CPU
	EndGlobalSection
	GlobalSection(SolutionProperties) = preSolution
		HideSolutionNode = FALSE
	EndGlobalSection
	GlobalSection(ExtensibilityGlobals) = postSolution
		SolutionGuid = {5601AEC5-FD5F-4685-A0AE-4E99CA1FC99C}
	EndGlobalSection
EndGlobal
