
Microsoft Visual Studio Solution File, Format Version 12.00
# Visual Studio Version 17
VisualStudioVersion = 17.5.002.0
MinimumVisualStudioVersion = 10.0.40219.1
Project("{9A19103F-16F7-4668-BE54-9A1E7A4F7556}") = "SORT_iterativo", "SORT_iterativo\SORT_iterativo.csproj", "{B65D921E-672D-49CC-9F17-D41DCE46074B}"
EndProject
Global
	GlobalSection(SolutionConfigurationPlatforms) = preSolution
		Debug|Any CPU = Debug|Any CPU
		Release|Any CPU = Release|Any CPU
	EndGlobalSection
	GlobalSection(ProjectConfigurationPlatforms) = postSolution
		{B65D921E-672D-49CC-9F17-D41DCE46074B}.Debug|Any CPU.ActiveCfg = Debug|Any CPU
		{B65D921E-672D-49CC-9F17-D41DCE46074B}.Debug|Any CPU.Build.0 = Debug|Any CPU
		{B65D921E-672D-49CC-9F17-D41DCE46074B}.Release|Any CPU.ActiveCfg = Release|Any CPU
		{B65D921E-672D-49CC-9F17-D41DCE46074B}.Release|Any CPU.Build.0 = Release|Any CPU
	EndGlobalSection
	GlobalSection(SolutionProperties) = preSolution
		HideSolutionNode = FALSE
	EndGlobalSection
	GlobalSection(ExtensibilityGlobals) = postSolution
		SolutionGuid = {79D3705B-1F73-4772-A602-520A88562C75}
	EndGlobalSection
EndGlobal
