
Microsoft Visual Studio Solution File, Format Version 12.00
# Visual Studio Version 17
VisualStudioVersion = 17.5.002.0
MinimumVisualStudioVersion = 10.0.40219.1
Project("{2150E333-8FDC-42A3-9474-1A3956D46DE8}") = "C#", "C#", "{05804B4E-D7AD-41E5-9C96-3C59BC2D54CF}"
EndProject
Project("{9A19103F-16F7-4668-BE54-9A1E7A4F7556}") = "3475", "C#\3475\3475.csproj", "{5F58D57B-8BB5-40F2-A9CF-F6B4FD5B215E}"
EndProject
Project("{9A19103F-16F7-4668-BE54-9A1E7A4F7556}") = "1010", "C#\1010\1010.csproj", "{56479117-9CFE-4F1D-978B-383597326C2C}"
EndProject
Project("{9A19103F-16F7-4668-BE54-9A1E7A4F7556}") = "2413", "C#\2413\2413.csproj", "{003AAFD3-FE91-40F5-A65E-341494DA0077}"
EndProject
Project("{9A19103F-16F7-4668-BE54-9A1E7A4F7556}") = "2006", "C#\2006\2006.csproj", "{3F27CD21-F8DB-4319-8E6D-A74011EB90D5}"
EndProject
Project("{9A19103F-16F7-4668-BE54-9A1E7A4F7556}") = "1009", "C#\1009\1009.csproj", "{4F6E3F7D-7E83-4DC2-8299-94515E109A55}"
EndProject
Project("{9A19103F-16F7-4668-BE54-9A1E7A4F7556}") = "1008", "C#\1008\1008.csproj", "{8E4BD443-0E84-47FE-8503-6D747F112EDE}"
EndProject
Project("{9A19103F-16F7-4668-BE54-9A1E7A4F7556}") = "1006", "C#\1006\1006.csproj", "{6729BB51-44DA-4268-93B5-D2262204D3E9}"
EndProject
Project("{9A19103F-16F7-4668-BE54-9A1E7A4F7556}") = "1005", "C#\1005\1005.csproj", "{D21BB12A-79C3-4FBF-9277-CE9B39C9A2ED}"
EndProject
Project("{9A19103F-16F7-4668-BE54-9A1E7A4F7556}") = "1047", "C#\1047\1047.csproj", "{48B84D3E-9712-4312-894C-ABBAE0A9397D}"
EndProject
Project("{9A19103F-16F7-4668-BE54-9A1E7A4F7556}") = "1011", "C#\1011\1011.csproj", "{E9200F6D-532D-45C0-B6BC-1D5DE15DFD84}"
EndProject
Project("{9A19103F-16F7-4668-BE54-9A1E7A4F7556}") = "1065", "C#\1065\1065.csproj", "{F0211A7A-DB93-4F04-9B16-F6AB6327DF48}"
EndProject
Project("{9A19103F-16F7-4668-BE54-9A1E7A4F7556}") = "1174", "C#\1174\1174.csproj", "{7A863AC2-DB34-4A6B-948A-8AD4864119FC}"
EndProject
Project("{9A19103F-16F7-4668-BE54-9A1E7A4F7556}") = "1197", "C#\1197\1197.csproj", "{1E7E0485-8FD8-4F5E-B8DA-F9209E2FED4F}"
EndProject
Project("{9A19103F-16F7-4668-BE54-9A1E7A4F7556}") = "3473", "C#\3473\3473.csproj", "{DBA31235-D78D-4EE3-96D0-E2BD49797A6C}"
EndProject
Project("{9A19103F-16F7-4668-BE54-9A1E7A4F7556}") = "3104", "C#\3104\3104.csproj", "{F8F1B9C0-C5B1-419D-A3E5-D925367E497F}"
EndProject
Project("{9A19103F-16F7-4668-BE54-9A1E7A4F7556}") = "1013", "C#\1013\1013.csproj", "{B69A2A8F-E364-4850-B01C-D5A59BD4C5DE}"
EndProject
Project("{9A19103F-16F7-4668-BE54-9A1E7A4F7556}") = "1014", "C#\1014\1014.csproj", "{F5C81A69-0ABC-4054-9CAA-FE870AD0A7BC}"
EndProject
Project("{9A19103F-16F7-4668-BE54-9A1E7A4F7556}") = "1153", "C#\1153\1153.csproj", "{53986E3F-2BD3-44CC-BE73-33AEF7DFBA8E}"
EndProject
Project("{9A19103F-16F7-4668-BE54-9A1E7A4F7556}") = "1066", "C#\1066\1066.csproj", "{A28E2B17-7AF9-49FC-90A0-B7E0CEAC2420}"
EndProject
Project("{9A19103F-16F7-4668-BE54-9A1E7A4F7556}") = "1080", "C#\1080\1080.csproj", "{5DBB2E0E-3C3E-4E5E-9774-6C14C9ADA718}"
EndProject
Project("{9A19103F-16F7-4668-BE54-9A1E7A4F7556}") = "1000", "C#\1000\1000.csproj", "{ADE4E414-2D38-40D1-8B2A-181293FB1B1B}"
EndProject
Project("{9A19103F-16F7-4668-BE54-9A1E7A4F7556}") = "1001", "C#\1001\1001.csproj", "{709DA1D5-BCD0-4FF1-9083-FD84486E9B8E}"
EndProject
Project("{9A19103F-16F7-4668-BE54-9A1E7A4F7556}") = "1012", "C#\1012\1012.csproj", "{9CC6080E-504C-434E-9F7F-A1688A04B6A1}"
EndProject
Project("{9A19103F-16F7-4668-BE54-9A1E7A4F7556}") = "3303", "C#\3303\3303.csproj", "{33AA9C79-FFBE-44EE-B953-EA20BD22FA9D}"
EndProject
Project("{9A19103F-16F7-4668-BE54-9A1E7A4F7556}") = "3342", "C#\3342\3342.csproj", "{141F5029-7335-4C42-904D-710436B8EF2D}"
EndProject
Project("{9A19103F-16F7-4668-BE54-9A1E7A4F7556}") = "1073", "C#\1073\1073.csproj", "{CD15D54A-5F36-4346-9594-5BDCA9CAF040}"
EndProject
Project("{9A19103F-16F7-4668-BE54-9A1E7A4F7556}") = "3358", "C#\3358\3358.csproj", "{BD958349-ACA6-4064-951E-AAB8FC4F6722}"
EndProject
Project("{9A19103F-16F7-4668-BE54-9A1E7A4F7556}") = "1142", "C#\1142\1142.csproj", "{B4159068-EF17-46E9-90AD-6252A506DEB4}"
EndProject
Project("{9A19103F-16F7-4668-BE54-9A1E7A4F7556}") = "1114", "C#\1114\1114.csproj", "{9A606A06-D01D-49E4-8447-5635ADBC81DE}"
EndProject
Project("{9A19103F-16F7-4668-BE54-9A1E7A4F7556}") = "1837", "C#\1837\1837.csproj", "{FCA1FE48-60DC-4F4D-A958-B8C571D243FF}"
EndProject
Project("{9A19103F-16F7-4668-BE54-9A1E7A4F7556}") = "2582", "C#\2582\2582.csproj", "{608E2464-CF70-4D82-8D76-653DF5F9F345}"
EndProject
Project("{9A19103F-16F7-4668-BE54-9A1E7A4F7556}") = "1871", "C#\1871\1871.csproj", "{2AEA5753-82C9-48A9-937F-7EFB16F2B0ED}"
EndProject
Project("{9A19103F-16F7-4668-BE54-9A1E7A4F7556}") = "1016", "C#\1016\1016.csproj", "{125BC7BB-8467-42EE-8CA7-C43E0605ED4D}"
EndProject
Project("{9A19103F-16F7-4668-BE54-9A1E7A4F7556}") = "3147", "C#\3147\3147.csproj", "{6C75A663-4FEC-4236-A789-FA7D975B950F}"
EndProject
Global
	GlobalSection(SolutionConfigurationPlatforms) = preSolution
		Debug|Any CPU = Debug|Any CPU
		Release|Any CPU = Release|Any CPU
	EndGlobalSection
	GlobalSection(ProjectConfigurationPlatforms) = postSolution
		{5F58D57B-8BB5-40F2-A9CF-F6B4FD5B215E}.Debug|Any CPU.ActiveCfg = Debug|Any CPU
		{5F58D57B-8BB5-40F2-A9CF-F6B4FD5B215E}.Debug|Any CPU.Build.0 = Debug|Any CPU
		{5F58D57B-8BB5-40F2-A9CF-F6B4FD5B215E}.Release|Any CPU.ActiveCfg = Release|Any CPU
		{5F58D57B-8BB5-40F2-A9CF-F6B4FD5B215E}.Release|Any CPU.Build.0 = Release|Any CPU
		{56479117-9CFE-4F1D-978B-383597326C2C}.Debug|Any CPU.ActiveCfg = Debug|Any CPU
		{56479117-9CFE-4F1D-978B-383597326C2C}.Debug|Any CPU.Build.0 = Debug|Any CPU
		{56479117-9CFE-4F1D-978B-383597326C2C}.Release|Any CPU.ActiveCfg = Release|Any CPU
		{56479117-9CFE-4F1D-978B-383597326C2C}.Release|Any CPU.Build.0 = Release|Any CPU
		{003AAFD3-FE91-40F5-A65E-341494DA0077}.Debug|Any CPU.ActiveCfg = Debug|Any CPU
		{003AAFD3-FE91-40F5-A65E-341494DA0077}.Debug|Any CPU.Build.0 = Debug|Any CPU
		{003AAFD3-FE91-40F5-A65E-341494DA0077}.Release|Any CPU.ActiveCfg = Release|Any CPU
		{003AAFD3-FE91-40F5-A65E-341494DA0077}.Release|Any CPU.Build.0 = Release|Any CPU
		{3F27CD21-F8DB-4319-8E6D-A74011EB90D5}.Debug|Any CPU.ActiveCfg = Debug|Any CPU
		{3F27CD21-F8DB-4319-8E6D-A74011EB90D5}.Debug|Any CPU.Build.0 = Debug|Any CPU
		{3F27CD21-F8DB-4319-8E6D-A74011EB90D5}.Release|Any CPU.ActiveCfg = Release|Any CPU
		{3F27CD21-F8DB-4319-8E6D-A74011EB90D5}.Release|Any CPU.Build.0 = Release|Any CPU
		{4F6E3F7D-7E83-4DC2-8299-94515E109A55}.Debug|Any CPU.ActiveCfg = Debug|Any CPU
		{4F6E3F7D-7E83-4DC2-8299-94515E109A55}.Debug|Any CPU.Build.0 = Debug|Any CPU
		{4F6E3F7D-7E83-4DC2-8299-94515E109A55}.Release|Any CPU.ActiveCfg = Release|Any CPU
		{4F6E3F7D-7E83-4DC2-8299-94515E109A55}.Release|Any CPU.Build.0 = Release|Any CPU
		{8E4BD443-0E84-47FE-8503-6D747F112EDE}.Debug|Any CPU.ActiveCfg = Debug|Any CPU
		{8E4BD443-0E84-47FE-8503-6D747F112EDE}.Debug|Any CPU.Build.0 = Debug|Any CPU
		{8E4BD443-0E84-47FE-8503-6D747F112EDE}.Release|Any CPU.ActiveCfg = Release|Any CPU
		{8E4BD443-0E84-47FE-8503-6D747F112EDE}.Release|Any CPU.Build.0 = Release|Any CPU
		{6729BB51-44DA-4268-93B5-D2262204D3E9}.Debug|Any CPU.ActiveCfg = Debug|Any CPU
		{6729BB51-44DA-4268-93B5-D2262204D3E9}.Debug|Any CPU.Build.0 = Debug|Any CPU
		{6729BB51-44DA-4268-93B5-D2262204D3E9}.Release|Any CPU.ActiveCfg = Release|Any CPU
		{6729BB51-44DA-4268-93B5-D2262204D3E9}.Release|Any CPU.Build.0 = Release|Any CPU
		{D21BB12A-79C3-4FBF-9277-CE9B39C9A2ED}.Debug|Any CPU.ActiveCfg = Debug|Any CPU
		{D21BB12A-79C3-4FBF-9277-CE9B39C9A2ED}.Debug|Any CPU.Build.0 = Debug|Any CPU
		{D21BB12A-79C3-4FBF-9277-CE9B39C9A2ED}.Release|Any CPU.ActiveCfg = Release|Any CPU
		{D21BB12A-79C3-4FBF-9277-CE9B39C9A2ED}.Release|Any CPU.Build.0 = Release|Any CPU
		{48B84D3E-9712-4312-894C-ABBAE0A9397D}.Debug|Any CPU.ActiveCfg = Debug|Any CPU
		{48B84D3E-9712-4312-894C-ABBAE0A9397D}.Debug|Any CPU.Build.0 = Debug|Any CPU
		{48B84D3E-9712-4312-894C-ABBAE0A9397D}.Release|Any CPU.ActiveCfg = Release|Any CPU
		{48B84D3E-9712-4312-894C-ABBAE0A9397D}.Release|Any CPU.Build.0 = Release|Any CPU
		{E9200F6D-532D-45C0-B6BC-1D5DE15DFD84}.Debug|Any CPU.ActiveCfg = Debug|Any CPU
		{E9200F6D-532D-45C0-B6BC-1D5DE15DFD84}.Debug|Any CPU.Build.0 = Debug|Any CPU
		{E9200F6D-532D-45C0-B6BC-1D5DE15DFD84}.Release|Any CPU.ActiveCfg = Release|Any CPU
		{E9200F6D-532D-45C0-B6BC-1D5DE15DFD84}.Release|Any CPU.Build.0 = Release|Any CPU
		{F0211A7A-DB93-4F04-9B16-F6AB6327DF48}.Debug|Any CPU.ActiveCfg = Debug|Any CPU
		{F0211A7A-DB93-4F04-9B16-F6AB6327DF48}.Debug|Any CPU.Build.0 = Debug|Any CPU
		{F0211A7A-DB93-4F04-9B16-F6AB6327DF48}.Release|Any CPU.ActiveCfg = Release|Any CPU
		{F0211A7A-DB93-4F04-9B16-F6AB6327DF48}.Release|Any CPU.Build.0 = Release|Any CPU
		{7A863AC2-DB34-4A6B-948A-8AD4864119FC}.Debug|Any CPU.ActiveCfg = Debug|Any CPU
		{7A863AC2-DB34-4A6B-948A-8AD4864119FC}.Debug|Any CPU.Build.0 = Debug|Any CPU
		{7A863AC2-DB34-4A6B-948A-8AD4864119FC}.Release|Any CPU.ActiveCfg = Release|Any CPU
		{7A863AC2-DB34-4A6B-948A-8AD4864119FC}.Release|Any CPU.Build.0 = Release|Any CPU
		{1E7E0485-8FD8-4F5E-B8DA-F9209E2FED4F}.Debug|Any CPU.ActiveCfg = Debug|Any CPU
		{1E7E0485-8FD8-4F5E-B8DA-F9209E2FED4F}.Debug|Any CPU.Build.0 = Debug|Any CPU
		{1E7E0485-8FD8-4F5E-B8DA-F9209E2FED4F}.Release|Any CPU.ActiveCfg = Release|Any CPU
		{1E7E0485-8FD8-4F5E-B8DA-F9209E2FED4F}.Release|Any CPU.Build.0 = Release|Any CPU
		{DBA31235-D78D-4EE3-96D0-E2BD49797A6C}.Debug|Any CPU.ActiveCfg = Debug|Any CPU
		{DBA31235-D78D-4EE3-96D0-E2BD49797A6C}.Debug|Any CPU.Build.0 = Debug|Any CPU
		{DBA31235-D78D-4EE3-96D0-E2BD49797A6C}.Release|Any CPU.ActiveCfg = Release|Any CPU
		{DBA31235-D78D-4EE3-96D0-E2BD49797A6C}.Release|Any CPU.Build.0 = Release|Any CPU
		{F8F1B9C0-C5B1-419D-A3E5-D925367E497F}.Debug|Any CPU.ActiveCfg = Debug|Any CPU
		{F8F1B9C0-C5B1-419D-A3E5-D925367E497F}.Debug|Any CPU.Build.0 = Debug|Any CPU
		{F8F1B9C0-C5B1-419D-A3E5-D925367E497F}.Release|Any CPU.ActiveCfg = Release|Any CPU
		{F8F1B9C0-C5B1-419D-A3E5-D925367E497F}.Release|Any CPU.Build.0 = Release|Any CPU
		{B69A2A8F-E364-4850-B01C-D5A59BD4C5DE}.Debug|Any CPU.ActiveCfg = Debug|Any CPU
		{B69A2A8F-E364-4850-B01C-D5A59BD4C5DE}.Debug|Any CPU.Build.0 = Debug|Any CPU
		{B69A2A8F-E364-4850-B01C-D5A59BD4C5DE}.Release|Any CPU.ActiveCfg = Release|Any CPU
		{B69A2A8F-E364-4850-B01C-D5A59BD4C5DE}.Release|Any CPU.Build.0 = Release|Any CPU
		{F5C81A69-0ABC-4054-9CAA-FE870AD0A7BC}.Debug|Any CPU.ActiveCfg = Debug|Any CPU
		{F5C81A69-0ABC-4054-9CAA-FE870AD0A7BC}.Debug|Any CPU.Build.0 = Debug|Any CPU
		{F5C81A69-0ABC-4054-9CAA-FE870AD0A7BC}.Release|Any CPU.ActiveCfg = Release|Any CPU
		{F5C81A69-0ABC-4054-9CAA-FE870AD0A7BC}.Release|Any CPU.Build.0 = Release|Any CPU
		{53986E3F-2BD3-44CC-BE73-33AEF7DFBA8E}.Debug|Any CPU.ActiveCfg = Debug|Any CPU
		{53986E3F-2BD3-44CC-BE73-33AEF7DFBA8E}.Debug|Any CPU.Build.0 = Debug|Any CPU
		{53986E3F-2BD3-44CC-BE73-33AEF7DFBA8E}.Release|Any CPU.ActiveCfg = Release|Any CPU
		{53986E3F-2BD3-44CC-BE73-33AEF7DFBA8E}.Release|Any CPU.Build.0 = Release|Any CPU
		{A28E2B17-7AF9-49FC-90A0-B7E0CEAC2420}.Debug|Any CPU.ActiveCfg = Debug|Any CPU
		{A28E2B17-7AF9-49FC-90A0-B7E0CEAC2420}.Debug|Any CPU.Build.0 = Debug|Any CPU
		{A28E2B17-7AF9-49FC-90A0-B7E0CEAC2420}.Release|Any CPU.ActiveCfg = Release|Any CPU
		{A28E2B17-7AF9-49FC-90A0-B7E0CEAC2420}.Release|Any CPU.Build.0 = Release|Any CPU
		{5DBB2E0E-3C3E-4E5E-9774-6C14C9ADA718}.Debug|Any CPU.ActiveCfg = Debug|Any CPU
		{5DBB2E0E-3C3E-4E5E-9774-6C14C9ADA718}.Debug|Any CPU.Build.0 = Debug|Any CPU
		{5DBB2E0E-3C3E-4E5E-9774-6C14C9ADA718}.Release|Any CPU.ActiveCfg = Release|Any CPU
		{5DBB2E0E-3C3E-4E5E-9774-6C14C9ADA718}.Release|Any CPU.Build.0 = Release|Any CPU
		{ADE4E414-2D38-40D1-8B2A-181293FB1B1B}.Debug|Any CPU.ActiveCfg = Debug|Any CPU
		{ADE4E414-2D38-40D1-8B2A-181293FB1B1B}.Debug|Any CPU.Build.0 = Debug|Any CPU
		{ADE4E414-2D38-40D1-8B2A-181293FB1B1B}.Release|Any CPU.ActiveCfg = Release|Any CPU
		{ADE4E414-2D38-40D1-8B2A-181293FB1B1B}.Release|Any CPU.Build.0 = Release|Any CPU
		{709DA1D5-BCD0-4FF1-9083-FD84486E9B8E}.Debug|Any CPU.ActiveCfg = Debug|Any CPU
		{709DA1D5-BCD0-4FF1-9083-FD84486E9B8E}.Debug|Any CPU.Build.0 = Debug|Any CPU
		{709DA1D5-BCD0-4FF1-9083-FD84486E9B8E}.Release|Any CPU.ActiveCfg = Release|Any CPU
		{709DA1D5-BCD0-4FF1-9083-FD84486E9B8E}.Release|Any CPU.Build.0 = Release|Any CPU
		{9CC6080E-504C-434E-9F7F-A1688A04B6A1}.Debug|Any CPU.ActiveCfg = Debug|Any CPU
		{9CC6080E-504C-434E-9F7F-A1688A04B6A1}.Debug|Any CPU.Build.0 = Debug|Any CPU
		{9CC6080E-504C-434E-9F7F-A1688A04B6A1}.Release|Any CPU.ActiveCfg = Release|Any CPU
		{9CC6080E-504C-434E-9F7F-A1688A04B6A1}.Release|Any CPU.Build.0 = Release|Any CPU
		{33AA9C79-FFBE-44EE-B953-EA20BD22FA9D}.Debug|Any CPU.ActiveCfg = Debug|Any CPU
		{33AA9C79-FFBE-44EE-B953-EA20BD22FA9D}.Debug|Any CPU.Build.0 = Debug|Any CPU
		{33AA9C79-FFBE-44EE-B953-EA20BD22FA9D}.Release|Any CPU.ActiveCfg = Release|Any CPU
		{33AA9C79-FFBE-44EE-B953-EA20BD22FA9D}.Release|Any CPU.Build.0 = Release|Any CPU
		{141F5029-7335-4C42-904D-710436B8EF2D}.Debug|Any CPU.ActiveCfg = Debug|Any CPU
		{141F5029-7335-4C42-904D-710436B8EF2D}.Debug|Any CPU.Build.0 = Debug|Any CPU
		{141F5029-7335-4C42-904D-710436B8EF2D}.Release|Any CPU.ActiveCfg = Release|Any CPU
		{141F5029-7335-4C42-904D-710436B8EF2D}.Release|Any CPU.Build.0 = Release|Any CPU
		{CD15D54A-5F36-4346-9594-5BDCA9CAF040}.Debug|Any CPU.ActiveCfg = Debug|Any CPU
		{CD15D54A-5F36-4346-9594-5BDCA9CAF040}.Debug|Any CPU.Build.0 = Debug|Any CPU
		{CD15D54A-5F36-4346-9594-5BDCA9CAF040}.Release|Any CPU.ActiveCfg = Release|Any CPU
		{CD15D54A-5F36-4346-9594-5BDCA9CAF040}.Release|Any CPU.Build.0 = Release|Any CPU
		{BD958349-ACA6-4064-951E-AAB8FC4F6722}.Debug|Any CPU.ActiveCfg = Debug|Any CPU
		{BD958349-ACA6-4064-951E-AAB8FC4F6722}.Debug|Any CPU.Build.0 = Debug|Any CPU
		{BD958349-ACA6-4064-951E-AAB8FC4F6722}.Release|Any CPU.ActiveCfg = Release|Any CPU
		{BD958349-ACA6-4064-951E-AAB8FC4F6722}.Release|Any CPU.Build.0 = Release|Any CPU
		{B4159068-EF17-46E9-90AD-6252A506DEB4}.Debug|Any CPU.ActiveCfg = Debug|Any CPU
		{B4159068-EF17-46E9-90AD-6252A506DEB4}.Debug|Any CPU.Build.0 = Debug|Any CPU
		{B4159068-EF17-46E9-90AD-6252A506DEB4}.Release|Any CPU.ActiveCfg = Release|Any CPU
		{B4159068-EF17-46E9-90AD-6252A506DEB4}.Release|Any CPU.Build.0 = Release|Any CPU
		{9A606A06-D01D-49E4-8447-5635ADBC81DE}.Debug|Any CPU.ActiveCfg = Debug|Any CPU
		{9A606A06-D01D-49E4-8447-5635ADBC81DE}.Debug|Any CPU.Build.0 = Debug|Any CPU
		{9A606A06-D01D-49E4-8447-5635ADBC81DE}.Release|Any CPU.ActiveCfg = Release|Any CPU
		{9A606A06-D01D-49E4-8447-5635ADBC81DE}.Release|Any CPU.Build.0 = Release|Any CPU
		{FCA1FE48-60DC-4F4D-A958-B8C571D243FF}.Debug|Any CPU.ActiveCfg = Debug|Any CPU
		{FCA1FE48-60DC-4F4D-A958-B8C571D243FF}.Debug|Any CPU.Build.0 = Debug|Any CPU
		{FCA1FE48-60DC-4F4D-A958-B8C571D243FF}.Release|Any CPU.ActiveCfg = Release|Any CPU
		{FCA1FE48-60DC-4F4D-A958-B8C571D243FF}.Release|Any CPU.Build.0 = Release|Any CPU
		{608E2464-CF70-4D82-8D76-653DF5F9F345}.Debug|Any CPU.ActiveCfg = Debug|Any CPU
		{608E2464-CF70-4D82-8D76-653DF5F9F345}.Debug|Any CPU.Build.0 = Debug|Any CPU
		{608E2464-CF70-4D82-8D76-653DF5F9F345}.Release|Any CPU.ActiveCfg = Release|Any CPU
		{608E2464-CF70-4D82-8D76-653DF5F9F345}.Release|Any CPU.Build.0 = Release|Any CPU
		{2AEA5753-82C9-48A9-937F-7EFB16F2B0ED}.Debug|Any CPU.ActiveCfg = Debug|Any CPU
		{2AEA5753-82C9-48A9-937F-7EFB16F2B0ED}.Debug|Any CPU.Build.0 = Debug|Any CPU
		{2AEA5753-82C9-48A9-937F-7EFB16F2B0ED}.Release|Any CPU.ActiveCfg = Release|Any CPU
		{2AEA5753-82C9-48A9-937F-7EFB16F2B0ED}.Release|Any CPU.Build.0 = Release|Any CPU
		{125BC7BB-8467-42EE-8CA7-C43E0605ED4D}.Debug|Any CPU.ActiveCfg = Debug|Any CPU
		{125BC7BB-8467-42EE-8CA7-C43E0605ED4D}.Debug|Any CPU.Build.0 = Debug|Any CPU
		{125BC7BB-8467-42EE-8CA7-C43E0605ED4D}.Release|Any CPU.ActiveCfg = Release|Any CPU
		{125BC7BB-8467-42EE-8CA7-C43E0605ED4D}.Release|Any CPU.Build.0 = Release|Any CPU
		{6C75A663-4FEC-4236-A789-FA7D975B950F}.Debug|Any CPU.ActiveCfg = Debug|Any CPU
		{6C75A663-4FEC-4236-A789-FA7D975B950F}.Debug|Any CPU.Build.0 = Debug|Any CPU
		{6C75A663-4FEC-4236-A789-FA7D975B950F}.Release|Any CPU.ActiveCfg = Release|Any CPU
		{6C75A663-4FEC-4236-A789-FA7D975B950F}.Release|Any CPU.Build.0 = Release|Any CPU
	EndGlobalSection
	GlobalSection(SolutionProperties) = preSolution
		HideSolutionNode = FALSE
	EndGlobalSection
	GlobalSection(NestedProjects) = preSolution
		{5F58D57B-8BB5-40F2-A9CF-F6B4FD5B215E} = {05804B4E-D7AD-41E5-9C96-3C59BC2D54CF}
		{56479117-9CFE-4F1D-978B-383597326C2C} = {05804B4E-D7AD-41E5-9C96-3C59BC2D54CF}
		{003AAFD3-FE91-40F5-A65E-341494DA0077} = {05804B4E-D7AD-41E5-9C96-3C59BC2D54CF}
		{3F27CD21-F8DB-4319-8E6D-A74011EB90D5} = {05804B4E-D7AD-41E5-9C96-3C59BC2D54CF}
		{4F6E3F7D-7E83-4DC2-8299-94515E109A55} = {05804B4E-D7AD-41E5-9C96-3C59BC2D54CF}
		{8E4BD443-0E84-47FE-8503-6D747F112EDE} = {05804B4E-D7AD-41E5-9C96-3C59BC2D54CF}
		{6729BB51-44DA-4268-93B5-D2262204D3E9} = {05804B4E-D7AD-41E5-9C96-3C59BC2D54CF}
		{D21BB12A-79C3-4FBF-9277-CE9B39C9A2ED} = {05804B4E-D7AD-41E5-9C96-3C59BC2D54CF}
		{48B84D3E-9712-4312-894C-ABBAE0A9397D} = {05804B4E-D7AD-41E5-9C96-3C59BC2D54CF}
		{E9200F6D-532D-45C0-B6BC-1D5DE15DFD84} = {05804B4E-D7AD-41E5-9C96-3C59BC2D54CF}
		{F0211A7A-DB93-4F04-9B16-F6AB6327DF48} = {05804B4E-D7AD-41E5-9C96-3C59BC2D54CF}
		{7A863AC2-DB34-4A6B-948A-8AD4864119FC} = {05804B4E-D7AD-41E5-9C96-3C59BC2D54CF}
		{1E7E0485-8FD8-4F5E-B8DA-F9209E2FED4F} = {05804B4E-D7AD-41E5-9C96-3C59BC2D54CF}
		{DBA31235-D78D-4EE3-96D0-E2BD49797A6C} = {05804B4E-D7AD-41E5-9C96-3C59BC2D54CF}
		{F8F1B9C0-C5B1-419D-A3E5-D925367E497F} = {05804B4E-D7AD-41E5-9C96-3C59BC2D54CF}
		{B69A2A8F-E364-4850-B01C-D5A59BD4C5DE} = {05804B4E-D7AD-41E5-9C96-3C59BC2D54CF}
		{F5C81A69-0ABC-4054-9CAA-FE870AD0A7BC} = {05804B4E-D7AD-41E5-9C96-3C59BC2D54CF}
		{53986E3F-2BD3-44CC-BE73-33AEF7DFBA8E} = {05804B4E-D7AD-41E5-9C96-3C59BC2D54CF}
		{A28E2B17-7AF9-49FC-90A0-B7E0CEAC2420} = {05804B4E-D7AD-41E5-9C96-3C59BC2D54CF}
		{5DBB2E0E-3C3E-4E5E-9774-6C14C9ADA718} = {05804B4E-D7AD-41E5-9C96-3C59BC2D54CF}
		{ADE4E414-2D38-40D1-8B2A-181293FB1B1B} = {05804B4E-D7AD-41E5-9C96-3C59BC2D54CF}
		{709DA1D5-BCD0-4FF1-9083-FD84486E9B8E} = {05804B4E-D7AD-41E5-9C96-3C59BC2D54CF}
		{9CC6080E-504C-434E-9F7F-A1688A04B6A1} = {05804B4E-D7AD-41E5-9C96-3C59BC2D54CF}
		{33AA9C79-FFBE-44EE-B953-EA20BD22FA9D} = {05804B4E-D7AD-41E5-9C96-3C59BC2D54CF}
		{141F5029-7335-4C42-904D-710436B8EF2D} = {05804B4E-D7AD-41E5-9C96-3C59BC2D54CF}
		{CD15D54A-5F36-4346-9594-5BDCA9CAF040} = {05804B4E-D7AD-41E5-9C96-3C59BC2D54CF}
		{BD958349-ACA6-4064-951E-AAB8FC4F6722} = {05804B4E-D7AD-41E5-9C96-3C59BC2D54CF}
		{B4159068-EF17-46E9-90AD-6252A506DEB4} = {05804B4E-D7AD-41E5-9C96-3C59BC2D54CF}
		{9A606A06-D01D-49E4-8447-5635ADBC81DE} = {05804B4E-D7AD-41E5-9C96-3C59BC2D54CF}
		{FCA1FE48-60DC-4F4D-A958-B8C571D243FF} = {05804B4E-D7AD-41E5-9C96-3C59BC2D54CF}
		{608E2464-CF70-4D82-8D76-653DF5F9F345} = {05804B4E-D7AD-41E5-9C96-3C59BC2D54CF}
		{2AEA5753-82C9-48A9-937F-7EFB16F2B0ED} = {05804B4E-D7AD-41E5-9C96-3C59BC2D54CF}
		{125BC7BB-8467-42EE-8CA7-C43E0605ED4D} = {05804B4E-D7AD-41E5-9C96-3C59BC2D54CF}
		{6C75A663-4FEC-4236-A789-FA7D975B950F} = {05804B4E-D7AD-41E5-9C96-3C59BC2D54CF}
	EndGlobalSection
	GlobalSection(ExtensibilityGlobals) = postSolution
		SolutionGuid = {A88537CF-F95B-4C04-8E1C-D0648145C9A3}
	EndGlobalSection
EndGlobal
