
Microsoft Visual Studio Solution File, Format Version 12.00
# Visual Studio Version 17
VisualStudioVersion = 17.5.002.0
MinimumVisualStudioVersion = 10.0.40219.1
Project("{2150E333-8FDC-42A3-9474-1A3956D46DE8}") = "C#", "C#", "{AC003A70-522D-4D34-A85F-AB6A6CF6AD93}"
EndProject
Project("{9A19103F-16F7-4668-BE54-9A1E7A4F7556}") = "1000", "C#\1000\1000.csproj", "{BB0A02B1-DCFB-465C-A7EC-8E2E1DDEAF9B}"
EndProject
Project("{9A19103F-16F7-4668-BE54-9A1E7A4F7556}") = "1001", "C#\1001\1001.csproj", "{EEEBE516-FDC0-487E-BDB5-C8DB71BC7682}"
EndProject
Project("{9A19103F-16F7-4668-BE54-9A1E7A4F7556}") = "1005", "C#\1005\1005.csproj", "{5E45FF05-AFEB-446F-872F-65DB60CC8F8D}"
EndProject
Project("{9A19103F-16F7-4668-BE54-9A1E7A4F7556}") = "1006", "C#\1006\1006.csproj", "{80386949-AB8D-40BF-8DAF-A7F444A94AA6}"
EndProject
Project("{9A19103F-16F7-4668-BE54-9A1E7A4F7556}") = "1008", "C#\1008\1008.csproj", "{46E20C60-6ACB-48E3-AA2D-7ABCD10AD909}"
EndProject
Project("{9A19103F-16F7-4668-BE54-9A1E7A4F7556}") = "1009", "C#\1009\1009.csproj", "{A9CD7364-081E-424C-BDD2-40A0EABBB8E0}"
EndProject
Project("{9A19103F-16F7-4668-BE54-9A1E7A4F7556}") = "1010", "C#\1010\1010.csproj", "{1F1CDB74-919E-44CE-8CE2-D047D444BABC}"
EndProject
Project("{9A19103F-16F7-4668-BE54-9A1E7A4F7556}") = "1011", "C#\1011\1011.csproj", "{9BE52A25-5998-4E3F-B3DD-6474699FABC9}"
EndProject
Project("{9A19103F-16F7-4668-BE54-9A1E7A4F7556}") = "1012", "C#\1012\1012.csproj", "{E775C0D5-564F-4346-97F2-8403D44495AB}"
EndProject
Project("{9A19103F-16F7-4668-BE54-9A1E7A4F7556}") = "1013", "C#\1013\1013.csproj", "{C229711A-12FA-41F6-885F-A4A100F79638}"
EndProject
Project("{9A19103F-16F7-4668-BE54-9A1E7A4F7556}") = "1014", "C#\1014\1014.csproj", "{28233C02-7887-41F6-972B-DDBD6F38325C}"
EndProject
Project("{9A19103F-16F7-4668-BE54-9A1E7A4F7556}") = "1015", "C#\1015\1015.csproj", "{ACCD5EB2-CA1B-46E0-A37E-9CB93393E4EA}"
EndProject
Project("{9A19103F-16F7-4668-BE54-9A1E7A4F7556}") = "1016", "C#\1016\1016.csproj", "{B0CC01A6-ED5D-40D7-B662-6DA57E94B1EA}"
EndProject
Project("{9A19103F-16F7-4668-BE54-9A1E7A4F7556}") = "1017", "C#\1017\1017.csproj", "{2E35E3D7-B6D4-4172-B7B1-290D55A6D8D1}"
EndProject
Project("{9A19103F-16F7-4668-BE54-9A1E7A4F7556}") = "1018", "C#\1018\1018.csproj", "{0B07C5C1-436E-4AD0-BF04-731CDE2BE76A}"
EndProject
Project("{9A19103F-16F7-4668-BE54-9A1E7A4F7556}") = "1019", "C#\1019\1019.csproj", "{9BC549FA-54E3-4AE2-86CE-B90DC7FCE1AA}"
EndProject
Project("{9A19103F-16F7-4668-BE54-9A1E7A4F7556}") = "1020", "C#\1020\1020.csproj", "{64B29052-4C39-4C9D-99F3-994D7E5F1094}"
EndProject
Project("{9A19103F-16F7-4668-BE54-9A1E7A4F7556}") = "1047", "C#\1047\1047.csproj", "{A2643AE1-6D4D-4ED7-A76B-03FB700762E0}"
EndProject
Project("{9A19103F-16F7-4668-BE54-9A1E7A4F7556}") = "1065", "C#\1065\1065.csproj", "{7BD30F48-9156-4CFF-9338-3D9F44EBE0B7}"
EndProject
Project("{9A19103F-16F7-4668-BE54-9A1E7A4F7556}") = "1066", "C#\1066\1066.csproj", "{B2F67EFB-B403-4C85-9A7B-5E7446142B30}"
EndProject
Project("{9A19103F-16F7-4668-BE54-9A1E7A4F7556}") = "1073", "C#\1073\1073.csproj", "{66380822-53BF-4B97-BBBE-DEA666EC82EA}"
EndProject
Project("{9A19103F-16F7-4668-BE54-9A1E7A4F7556}") = "1080", "C#\1080\1080.csproj", "{99DC046F-9B36-48DC-B653-AFCAB1E5220F}"
EndProject
Project("{9A19103F-16F7-4668-BE54-9A1E7A4F7556}") = "1114", "C#\1114\1114.csproj", "{6360B709-8127-4F66-ADBC-56C01B1BE48C}"
EndProject
Project("{9A19103F-16F7-4668-BE54-9A1E7A4F7556}") = "1142", "C#\1142\1142.csproj", "{5CD7F743-EB4B-4F3D-A2C4-21665A251103}"
EndProject
Project("{9A19103F-16F7-4668-BE54-9A1E7A4F7556}") = "1153", "C#\1153\1153.csproj", "{F1235727-3012-4E39-8C71-C6D40A599BCE}"
EndProject
Project("{9A19103F-16F7-4668-BE54-9A1E7A4F7556}") = "1165", "C#\1165\1165.csproj", "{1E7E1E21-EEB0-468B-A0AF-F138EE8EAA50}"
EndProject
Project("{9A19103F-16F7-4668-BE54-9A1E7A4F7556}") = "1174", "C#\1174\1174.csproj", "{5BFA3069-8C28-431D-A0C7-D6CC9DADF4F8}"
EndProject
Project("{9A19103F-16F7-4668-BE54-9A1E7A4F7556}") = "1197", "C#\1197\1197.csproj", "{03659431-2F3B-469A-9984-C249BB7D02E6}"
EndProject
Project("{9A19103F-16F7-4668-BE54-9A1E7A4F7556}") = "1581", "C#\1581\1581.csproj", "{A0849089-9BDA-4635-825A-20FE0FC26A18}"
EndProject
Project("{9A19103F-16F7-4668-BE54-9A1E7A4F7556}") = "1632", "C#\1632\1632.csproj", "{E972F048-9ECA-4AB8-9ED3-96367F054D0A}"
EndProject
Project("{9A19103F-16F7-4668-BE54-9A1E7A4F7556}") = "1837", "C#\1837\1837.csproj", "{CC7931CD-887E-489E-8E0C-5C1D2619997E}"
EndProject
Project("{9A19103F-16F7-4668-BE54-9A1E7A4F7556}") = "1871", "C#\1871\1871.csproj", "{D064C503-7A89-47C7-A7F2-FC871E763B7F}"
EndProject
Project("{9A19103F-16F7-4668-BE54-9A1E7A4F7556}") = "2006", "C#\2006\2006.csproj", "{1BF2A354-E499-433B-892A-D4289A6ACE42}"
EndProject
Project("{9A19103F-16F7-4668-BE54-9A1E7A4F7556}") = "2413", "C#\2413\2413.csproj", "{A3B84A81-2F63-43D9-A329-4E74DBB46E83}"
EndProject
Project("{9A19103F-16F7-4668-BE54-9A1E7A4F7556}") = "2582", "C#\2582\2582.csproj", "{EF5935B2-B0F5-4863-8099-AC33D1ED4C6B}"
EndProject
Project("{9A19103F-16F7-4668-BE54-9A1E7A4F7556}") = "3104", "C#\3104\3104.csproj", "{6FD07DC7-934A-4A8C-A010-CD01818E9C2E}"
EndProject
Project("{9A19103F-16F7-4668-BE54-9A1E7A4F7556}") = "3147", "C#\3147\3147.csproj", "{2EC51FF5-CB0B-4BA7-BE68-BF520FEBD3A0}"
EndProject
Project("{9A19103F-16F7-4668-BE54-9A1E7A4F7556}") = "3303", "C#\3303\3303.csproj", "{2DBA357C-8B62-4C46-9DCD-E9B90367F589}"
EndProject
Project("{9A19103F-16F7-4668-BE54-9A1E7A4F7556}") = "3342", "C#\3342\3342.csproj", "{82CBD4D3-7778-4CA9-ACF2-6B2FDA584471}"
EndProject
Project("{9A19103F-16F7-4668-BE54-9A1E7A4F7556}") = "3358", "C#\3358\3358.csproj", "{DCF7C8BF-6279-43D0-AEB2-9CC7527819D4}"
EndProject
Project("{9A19103F-16F7-4668-BE54-9A1E7A4F7556}") = "3473", "C#\3473\3473.csproj", "{498B217B-D6BE-4E9E-BAA5-7C0D123FE474}"
EndProject
Project("{9A19103F-16F7-4668-BE54-9A1E7A4F7556}") = "3475", "C#\3475\3475.csproj", "{88791965-4630-45EB-97F7-BE1D0CFCB4F7}"
EndProject
Project("{9A19103F-16F7-4668-BE54-9A1E7A4F7556}") = "1021", "C#\1021\1021.csproj", "{D59613FB-E7BF-4877-801A-B2A98E36DB1D}"
EndProject
Project("{9A19103F-16F7-4668-BE54-9A1E7A4F7556}") = "1035", "C#\1035\1035.csproj", "{65E09AE9-91CB-4DF8-B2AF-2BD6F83ECC27}"
EndProject
Global
	GlobalSection(SolutionConfigurationPlatforms) = preSolution
		Debug|Any CPU = Debug|Any CPU
		Release|Any CPU = Release|Any CPU
	EndGlobalSection
	GlobalSection(ProjectConfigurationPlatforms) = postSolution
		{BB0A02B1-DCFB-465C-A7EC-8E2E1DDEAF9B}.Debug|Any CPU.ActiveCfg = Debug|Any CPU
		{BB0A02B1-DCFB-465C-A7EC-8E2E1DDEAF9B}.Debug|Any CPU.Build.0 = Debug|Any CPU
		{BB0A02B1-DCFB-465C-A7EC-8E2E1DDEAF9B}.Release|Any CPU.ActiveCfg = Release|Any CPU
		{BB0A02B1-DCFB-465C-A7EC-8E2E1DDEAF9B}.Release|Any CPU.Build.0 = Release|Any CPU
		{EEEBE516-FDC0-487E-BDB5-C8DB71BC7682}.Debug|Any CPU.ActiveCfg = Debug|Any CPU
		{EEEBE516-FDC0-487E-BDB5-C8DB71BC7682}.Debug|Any CPU.Build.0 = Debug|Any CPU
		{EEEBE516-FDC0-487E-BDB5-C8DB71BC7682}.Release|Any CPU.ActiveCfg = Release|Any CPU
		{EEEBE516-FDC0-487E-BDB5-C8DB71BC7682}.Release|Any CPU.Build.0 = Release|Any CPU
		{5E45FF05-AFEB-446F-872F-65DB60CC8F8D}.Debug|Any CPU.ActiveCfg = Debug|Any CPU
		{5E45FF05-AFEB-446F-872F-65DB60CC8F8D}.Debug|Any CPU.Build.0 = Debug|Any CPU
		{5E45FF05-AFEB-446F-872F-65DB60CC8F8D}.Release|Any CPU.ActiveCfg = Release|Any CPU
		{5E45FF05-AFEB-446F-872F-65DB60CC8F8D}.Release|Any CPU.Build.0 = Release|Any CPU
		{80386949-AB8D-40BF-8DAF-A7F444A94AA6}.Debug|Any CPU.ActiveCfg = Debug|Any CPU
		{80386949-AB8D-40BF-8DAF-A7F444A94AA6}.Debug|Any CPU.Build.0 = Debug|Any CPU
		{80386949-AB8D-40BF-8DAF-A7F444A94AA6}.Release|Any CPU.ActiveCfg = Release|Any CPU
		{80386949-AB8D-40BF-8DAF-A7F444A94AA6}.Release|Any CPU.Build.0 = Release|Any CPU
		{46E20C60-6ACB-48E3-AA2D-7ABCD10AD909}.Debug|Any CPU.ActiveCfg = Debug|Any CPU
		{46E20C60-6ACB-48E3-AA2D-7ABCD10AD909}.Debug|Any CPU.Build.0 = Debug|Any CPU
		{46E20C60-6ACB-48E3-AA2D-7ABCD10AD909}.Release|Any CPU.ActiveCfg = Release|Any CPU
		{46E20C60-6ACB-48E3-AA2D-7ABCD10AD909}.Release|Any CPU.Build.0 = Release|Any CPU
		{A9CD7364-081E-424C-BDD2-40A0EABBB8E0}.Debug|Any CPU.ActiveCfg = Debug|Any CPU
		{A9CD7364-081E-424C-BDD2-40A0EABBB8E0}.Debug|Any CPU.Build.0 = Debug|Any CPU
		{A9CD7364-081E-424C-BDD2-40A0EABBB8E0}.Release|Any CPU.ActiveCfg = Release|Any CPU
		{A9CD7364-081E-424C-BDD2-40A0EABBB8E0}.Release|Any CPU.Build.0 = Release|Any CPU
		{1F1CDB74-919E-44CE-8CE2-D047D444BABC}.Debug|Any CPU.ActiveCfg = Debug|Any CPU
		{1F1CDB74-919E-44CE-8CE2-D047D444BABC}.Debug|Any CPU.Build.0 = Debug|Any CPU
		{1F1CDB74-919E-44CE-8CE2-D047D444BABC}.Release|Any CPU.ActiveCfg = Release|Any CPU
		{1F1CDB74-919E-44CE-8CE2-D047D444BABC}.Release|Any CPU.Build.0 = Release|Any CPU
		{9BE52A25-5998-4E3F-B3DD-6474699FABC9}.Debug|Any CPU.ActiveCfg = Debug|Any CPU
		{9BE52A25-5998-4E3F-B3DD-6474699FABC9}.Debug|Any CPU.Build.0 = Debug|Any CPU
		{9BE52A25-5998-4E3F-B3DD-6474699FABC9}.Release|Any CPU.ActiveCfg = Release|Any CPU
		{9BE52A25-5998-4E3F-B3DD-6474699FABC9}.Release|Any CPU.Build.0 = Release|Any CPU
		{E775C0D5-564F-4346-97F2-8403D44495AB}.Debug|Any CPU.ActiveCfg = Debug|Any CPU
		{E775C0D5-564F-4346-97F2-8403D44495AB}.Debug|Any CPU.Build.0 = Debug|Any CPU
		{E775C0D5-564F-4346-97F2-8403D44495AB}.Release|Any CPU.ActiveCfg = Release|Any CPU
		{E775C0D5-564F-4346-97F2-8403D44495AB}.Release|Any CPU.Build.0 = Release|Any CPU
		{C229711A-12FA-41F6-885F-A4A100F79638}.Debug|Any CPU.ActiveCfg = Debug|Any CPU
		{C229711A-12FA-41F6-885F-A4A100F79638}.Debug|Any CPU.Build.0 = Debug|Any CPU
		{C229711A-12FA-41F6-885F-A4A100F79638}.Release|Any CPU.ActiveCfg = Release|Any CPU
		{C229711A-12FA-41F6-885F-A4A100F79638}.Release|Any CPU.Build.0 = Release|Any CPU
		{28233C02-7887-41F6-972B-DDBD6F38325C}.Debug|Any CPU.ActiveCfg = Debug|Any CPU
		{28233C02-7887-41F6-972B-DDBD6F38325C}.Debug|Any CPU.Build.0 = Debug|Any CPU
		{28233C02-7887-41F6-972B-DDBD6F38325C}.Release|Any CPU.ActiveCfg = Release|Any CPU
		{28233C02-7887-41F6-972B-DDBD6F38325C}.Release|Any CPU.Build.0 = Release|Any CPU
		{ACCD5EB2-CA1B-46E0-A37E-9CB93393E4EA}.Debug|Any CPU.ActiveCfg = Debug|Any CPU
		{ACCD5EB2-CA1B-46E0-A37E-9CB93393E4EA}.Debug|Any CPU.Build.0 = Debug|Any CPU
		{ACCD5EB2-CA1B-46E0-A37E-9CB93393E4EA}.Release|Any CPU.ActiveCfg = Release|Any CPU
		{ACCD5EB2-CA1B-46E0-A37E-9CB93393E4EA}.Release|Any CPU.Build.0 = Release|Any CPU
		{B0CC01A6-ED5D-40D7-B662-6DA57E94B1EA}.Debug|Any CPU.ActiveCfg = Debug|Any CPU
		{B0CC01A6-ED5D-40D7-B662-6DA57E94B1EA}.Debug|Any CPU.Build.0 = Debug|Any CPU
		{B0CC01A6-ED5D-40D7-B662-6DA57E94B1EA}.Release|Any CPU.ActiveCfg = Release|Any CPU
		{B0CC01A6-ED5D-40D7-B662-6DA57E94B1EA}.Release|Any CPU.Build.0 = Release|Any CPU
		{2E35E3D7-B6D4-4172-B7B1-290D55A6D8D1}.Debug|Any CPU.ActiveCfg = Debug|Any CPU
		{2E35E3D7-B6D4-4172-B7B1-290D55A6D8D1}.Debug|Any CPU.Build.0 = Debug|Any CPU
		{2E35E3D7-B6D4-4172-B7B1-290D55A6D8D1}.Release|Any CPU.ActiveCfg = Release|Any CPU
		{2E35E3D7-B6D4-4172-B7B1-290D55A6D8D1}.Release|Any CPU.Build.0 = Release|Any CPU
		{0B07C5C1-436E-4AD0-BF04-731CDE2BE76A}.Debug|Any CPU.ActiveCfg = Debug|Any CPU
		{0B07C5C1-436E-4AD0-BF04-731CDE2BE76A}.Debug|Any CPU.Build.0 = Debug|Any CPU
		{0B07C5C1-436E-4AD0-BF04-731CDE2BE76A}.Release|Any CPU.ActiveCfg = Release|Any CPU
		{0B07C5C1-436E-4AD0-BF04-731CDE2BE76A}.Release|Any CPU.Build.0 = Release|Any CPU
		{9BC549FA-54E3-4AE2-86CE-B90DC7FCE1AA}.Debug|Any CPU.ActiveCfg = Debug|Any CPU
		{9BC549FA-54E3-4AE2-86CE-B90DC7FCE1AA}.Debug|Any CPU.Build.0 = Debug|Any CPU
		{9BC549FA-54E3-4AE2-86CE-B90DC7FCE1AA}.Release|Any CPU.ActiveCfg = Release|Any CPU
		{9BC549FA-54E3-4AE2-86CE-B90DC7FCE1AA}.Release|Any CPU.Build.0 = Release|Any CPU
		{64B29052-4C39-4C9D-99F3-994D7E5F1094}.Debug|Any CPU.ActiveCfg = Debug|Any CPU
		{64B29052-4C39-4C9D-99F3-994D7E5F1094}.Debug|Any CPU.Build.0 = Debug|Any CPU
		{64B29052-4C39-4C9D-99F3-994D7E5F1094}.Release|Any CPU.ActiveCfg = Release|Any CPU
		{64B29052-4C39-4C9D-99F3-994D7E5F1094}.Release|Any CPU.Build.0 = Release|Any CPU
		{A2643AE1-6D4D-4ED7-A76B-03FB700762E0}.Debug|Any CPU.ActiveCfg = Debug|Any CPU
		{A2643AE1-6D4D-4ED7-A76B-03FB700762E0}.Debug|Any CPU.Build.0 = Debug|Any CPU
		{A2643AE1-6D4D-4ED7-A76B-03FB700762E0}.Release|Any CPU.ActiveCfg = Release|Any CPU
		{A2643AE1-6D4D-4ED7-A76B-03FB700762E0}.Release|Any CPU.Build.0 = Release|Any CPU
		{7BD30F48-9156-4CFF-9338-3D9F44EBE0B7}.Debug|Any CPU.ActiveCfg = Debug|Any CPU
		{7BD30F48-9156-4CFF-9338-3D9F44EBE0B7}.Debug|Any CPU.Build.0 = Debug|Any CPU
		{7BD30F48-9156-4CFF-9338-3D9F44EBE0B7}.Release|Any CPU.ActiveCfg = Release|Any CPU
		{7BD30F48-9156-4CFF-9338-3D9F44EBE0B7}.Release|Any CPU.Build.0 = Release|Any CPU
		{B2F67EFB-B403-4C85-9A7B-5E7446142B30}.Debug|Any CPU.ActiveCfg = Debug|Any CPU
		{B2F67EFB-B403-4C85-9A7B-5E7446142B30}.Debug|Any CPU.Build.0 = Debug|Any CPU
		{B2F67EFB-B403-4C85-9A7B-5E7446142B30}.Release|Any CPU.ActiveCfg = Release|Any CPU
		{B2F67EFB-B403-4C85-9A7B-5E7446142B30}.Release|Any CPU.Build.0 = Release|Any CPU
		{66380822-53BF-4B97-BBBE-DEA666EC82EA}.Debug|Any CPU.ActiveCfg = Debug|Any CPU
		{66380822-53BF-4B97-BBBE-DEA666EC82EA}.Debug|Any CPU.Build.0 = Debug|Any CPU
		{66380822-53BF-4B97-BBBE-DEA666EC82EA}.Release|Any CPU.ActiveCfg = Release|Any CPU
		{66380822-53BF-4B97-BBBE-DEA666EC82EA}.Release|Any CPU.Build.0 = Release|Any CPU
		{99DC046F-9B36-48DC-B653-AFCAB1E5220F}.Debug|Any CPU.ActiveCfg = Debug|Any CPU
		{99DC046F-9B36-48DC-B653-AFCAB1E5220F}.Debug|Any CPU.Build.0 = Debug|Any CPU
		{99DC046F-9B36-48DC-B653-AFCAB1E5220F}.Release|Any CPU.ActiveCfg = Release|Any CPU
		{99DC046F-9B36-48DC-B653-AFCAB1E5220F}.Release|Any CPU.Build.0 = Release|Any CPU
		{6360B709-8127-4F66-ADBC-56C01B1BE48C}.Debug|Any CPU.ActiveCfg = Debug|Any CPU
		{6360B709-8127-4F66-ADBC-56C01B1BE48C}.Debug|Any CPU.Build.0 = Debug|Any CPU
		{6360B709-8127-4F66-ADBC-56C01B1BE48C}.Release|Any CPU.ActiveCfg = Release|Any CPU
		{6360B709-8127-4F66-ADBC-56C01B1BE48C}.Release|Any CPU.Build.0 = Release|Any CPU
		{5CD7F743-EB4B-4F3D-A2C4-21665A251103}.Debug|Any CPU.ActiveCfg = Debug|Any CPU
		{5CD7F743-EB4B-4F3D-A2C4-21665A251103}.Debug|Any CPU.Build.0 = Debug|Any CPU
		{5CD7F743-EB4B-4F3D-A2C4-21665A251103}.Release|Any CPU.ActiveCfg = Release|Any CPU
		{5CD7F743-EB4B-4F3D-A2C4-21665A251103}.Release|Any CPU.Build.0 = Release|Any CPU
		{F1235727-3012-4E39-8C71-C6D40A599BCE}.Debug|Any CPU.ActiveCfg = Debug|Any CPU
		{F1235727-3012-4E39-8C71-C6D40A599BCE}.Debug|Any CPU.Build.0 = Debug|Any CPU
		{F1235727-3012-4E39-8C71-C6D40A599BCE}.Release|Any CPU.ActiveCfg = Release|Any CPU
		{F1235727-3012-4E39-8C71-C6D40A599BCE}.Release|Any CPU.Build.0 = Release|Any CPU
		{1E7E1E21-EEB0-468B-A0AF-F138EE8EAA50}.Debug|Any CPU.ActiveCfg = Debug|Any CPU
		{1E7E1E21-EEB0-468B-A0AF-F138EE8EAA50}.Debug|Any CPU.Build.0 = Debug|Any CPU
		{1E7E1E21-EEB0-468B-A0AF-F138EE8EAA50}.Release|Any CPU.ActiveCfg = Release|Any CPU
		{1E7E1E21-EEB0-468B-A0AF-F138EE8EAA50}.Release|Any CPU.Build.0 = Release|Any CPU
		{5BFA3069-8C28-431D-A0C7-D6CC9DADF4F8}.Debug|Any CPU.ActiveCfg = Debug|Any CPU
		{5BFA3069-8C28-431D-A0C7-D6CC9DADF4F8}.Debug|Any CPU.Build.0 = Debug|Any CPU
		{5BFA3069-8C28-431D-A0C7-D6CC9DADF4F8}.Release|Any CPU.ActiveCfg = Release|Any CPU
		{5BFA3069-8C28-431D-A0C7-D6CC9DADF4F8}.Release|Any CPU.Build.0 = Release|Any CPU
		{03659431-2F3B-469A-9984-C249BB7D02E6}.Debug|Any CPU.ActiveCfg = Debug|Any CPU
		{03659431-2F3B-469A-9984-C249BB7D02E6}.Debug|Any CPU.Build.0 = Debug|Any CPU
		{03659431-2F3B-469A-9984-C249BB7D02E6}.Release|Any CPU.ActiveCfg = Release|Any CPU
		{03659431-2F3B-469A-9984-C249BB7D02E6}.Release|Any CPU.Build.0 = Release|Any CPU
		{A0849089-9BDA-4635-825A-20FE0FC26A18}.Debug|Any CPU.ActiveCfg = Debug|Any CPU
		{A0849089-9BDA-4635-825A-20FE0FC26A18}.Debug|Any CPU.Build.0 = Debug|Any CPU
		{A0849089-9BDA-4635-825A-20FE0FC26A18}.Release|Any CPU.ActiveCfg = Release|Any CPU
		{A0849089-9BDA-4635-825A-20FE0FC26A18}.Release|Any CPU.Build.0 = Release|Any CPU
		{E972F048-9ECA-4AB8-9ED3-96367F054D0A}.Debug|Any CPU.ActiveCfg = Debug|Any CPU
		{E972F048-9ECA-4AB8-9ED3-96367F054D0A}.Debug|Any CPU.Build.0 = Debug|Any CPU
		{E972F048-9ECA-4AB8-9ED3-96367F054D0A}.Release|Any CPU.ActiveCfg = Release|Any CPU
		{E972F048-9ECA-4AB8-9ED3-96367F054D0A}.Release|Any CPU.Build.0 = Release|Any CPU
		{CC7931CD-887E-489E-8E0C-5C1D2619997E}.Debug|Any CPU.ActiveCfg = Debug|Any CPU
		{CC7931CD-887E-489E-8E0C-5C1D2619997E}.Debug|Any CPU.Build.0 = Debug|Any CPU
		{CC7931CD-887E-489E-8E0C-5C1D2619997E}.Release|Any CPU.ActiveCfg = Release|Any CPU
		{CC7931CD-887E-489E-8E0C-5C1D2619997E}.Release|Any CPU.Build.0 = Release|Any CPU
		{D064C503-7A89-47C7-A7F2-FC871E763B7F}.Debug|Any CPU.ActiveCfg = Debug|Any CPU
		{D064C503-7A89-47C7-A7F2-FC871E763B7F}.Debug|Any CPU.Build.0 = Debug|Any CPU
		{D064C503-7A89-47C7-A7F2-FC871E763B7F}.Release|Any CPU.ActiveCfg = Release|Any CPU
		{D064C503-7A89-47C7-A7F2-FC871E763B7F}.Release|Any CPU.Build.0 = Release|Any CPU
		{1BF2A354-E499-433B-892A-D4289A6ACE42}.Debug|Any CPU.ActiveCfg = Debug|Any CPU
		{1BF2A354-E499-433B-892A-D4289A6ACE42}.Debug|Any CPU.Build.0 = Debug|Any CPU
		{1BF2A354-E499-433B-892A-D4289A6ACE42}.Release|Any CPU.ActiveCfg = Release|Any CPU
		{1BF2A354-E499-433B-892A-D4289A6ACE42}.Release|Any CPU.Build.0 = Release|Any CPU
		{A3B84A81-2F63-43D9-A329-4E74DBB46E83}.Debug|Any CPU.ActiveCfg = Debug|Any CPU
		{A3B84A81-2F63-43D9-A329-4E74DBB46E83}.Debug|Any CPU.Build.0 = Debug|Any CPU
		{A3B84A81-2F63-43D9-A329-4E74DBB46E83}.Release|Any CPU.ActiveCfg = Release|Any CPU
		{A3B84A81-2F63-43D9-A329-4E74DBB46E83}.Release|Any CPU.Build.0 = Release|Any CPU
		{EF5935B2-B0F5-4863-8099-AC33D1ED4C6B}.Debug|Any CPU.ActiveCfg = Debug|Any CPU
		{EF5935B2-B0F5-4863-8099-AC33D1ED4C6B}.Debug|Any CPU.Build.0 = Debug|Any CPU
		{EF5935B2-B0F5-4863-8099-AC33D1ED4C6B}.Release|Any CPU.ActiveCfg = Release|Any CPU
		{EF5935B2-B0F5-4863-8099-AC33D1ED4C6B}.Release|Any CPU.Build.0 = Release|Any CPU
		{6FD07DC7-934A-4A8C-A010-CD01818E9C2E}.Debug|Any CPU.ActiveCfg = Debug|Any CPU
		{6FD07DC7-934A-4A8C-A010-CD01818E9C2E}.Debug|Any CPU.Build.0 = Debug|Any CPU
		{6FD07DC7-934A-4A8C-A010-CD01818E9C2E}.Release|Any CPU.ActiveCfg = Release|Any CPU
		{6FD07DC7-934A-4A8C-A010-CD01818E9C2E}.Release|Any CPU.Build.0 = Release|Any CPU
		{2EC51FF5-CB0B-4BA7-BE68-BF520FEBD3A0}.Debug|Any CPU.ActiveCfg = Debug|Any CPU
		{2EC51FF5-CB0B-4BA7-BE68-BF520FEBD3A0}.Debug|Any CPU.Build.0 = Debug|Any CPU
		{2EC51FF5-CB0B-4BA7-BE68-BF520FEBD3A0}.Release|Any CPU.ActiveCfg = Release|Any CPU
		{2EC51FF5-CB0B-4BA7-BE68-BF520FEBD3A0}.Release|Any CPU.Build.0 = Release|Any CPU
		{2DBA357C-8B62-4C46-9DCD-E9B90367F589}.Debug|Any CPU.ActiveCfg = Debug|Any CPU
		{2DBA357C-8B62-4C46-9DCD-E9B90367F589}.Debug|Any CPU.Build.0 = Debug|Any CPU
		{2DBA357C-8B62-4C46-9DCD-E9B90367F589}.Release|Any CPU.ActiveCfg = Release|Any CPU
		{2DBA357C-8B62-4C46-9DCD-E9B90367F589}.Release|Any CPU.Build.0 = Release|Any CPU
		{82CBD4D3-7778-4CA9-ACF2-6B2FDA584471}.Debug|Any CPU.ActiveCfg = Debug|Any CPU
		{82CBD4D3-7778-4CA9-ACF2-6B2FDA584471}.Debug|Any CPU.Build.0 = Debug|Any CPU
		{82CBD4D3-7778-4CA9-ACF2-6B2FDA584471}.Release|Any CPU.ActiveCfg = Release|Any CPU
		{82CBD4D3-7778-4CA9-ACF2-6B2FDA584471}.Release|Any CPU.Build.0 = Release|Any CPU
		{DCF7C8BF-6279-43D0-AEB2-9CC7527819D4}.Debug|Any CPU.ActiveCfg = Debug|Any CPU
		{DCF7C8BF-6279-43D0-AEB2-9CC7527819D4}.Debug|Any CPU.Build.0 = Debug|Any CPU
		{DCF7C8BF-6279-43D0-AEB2-9CC7527819D4}.Release|Any CPU.ActiveCfg = Release|Any CPU
		{DCF7C8BF-6279-43D0-AEB2-9CC7527819D4}.Release|Any CPU.Build.0 = Release|Any CPU
		{498B217B-D6BE-4E9E-BAA5-7C0D123FE474}.Debug|Any CPU.ActiveCfg = Debug|Any CPU
		{498B217B-D6BE-4E9E-BAA5-7C0D123FE474}.Debug|Any CPU.Build.0 = Debug|Any CPU
		{498B217B-D6BE-4E9E-BAA5-7C0D123FE474}.Release|Any CPU.ActiveCfg = Release|Any CPU
		{498B217B-D6BE-4E9E-BAA5-7C0D123FE474}.Release|Any CPU.Build.0 = Release|Any CPU
		{88791965-4630-45EB-97F7-BE1D0CFCB4F7}.Debug|Any CPU.ActiveCfg = Debug|Any CPU
		{88791965-4630-45EB-97F7-BE1D0CFCB4F7}.Debug|Any CPU.Build.0 = Debug|Any CPU
		{88791965-4630-45EB-97F7-BE1D0CFCB4F7}.Release|Any CPU.ActiveCfg = Release|Any CPU
		{88791965-4630-45EB-97F7-BE1D0CFCB4F7}.Release|Any CPU.Build.0 = Release|Any CPU
		{D59613FB-E7BF-4877-801A-B2A98E36DB1D}.Debug|Any CPU.ActiveCfg = Debug|Any CPU
		{D59613FB-E7BF-4877-801A-B2A98E36DB1D}.Debug|Any CPU.Build.0 = Debug|Any CPU
		{D59613FB-E7BF-4877-801A-B2A98E36DB1D}.Release|Any CPU.ActiveCfg = Release|Any CPU
		{D59613FB-E7BF-4877-801A-B2A98E36DB1D}.Release|Any CPU.Build.0 = Release|Any CPU
		{65E09AE9-91CB-4DF8-B2AF-2BD6F83ECC27}.Debug|Any CPU.ActiveCfg = Debug|Any CPU
		{65E09AE9-91CB-4DF8-B2AF-2BD6F83ECC27}.Debug|Any CPU.Build.0 = Debug|Any CPU
		{65E09AE9-91CB-4DF8-B2AF-2BD6F83ECC27}.Release|Any CPU.ActiveCfg = Release|Any CPU
		{65E09AE9-91CB-4DF8-B2AF-2BD6F83ECC27}.Release|Any CPU.Build.0 = Release|Any CPU
	EndGlobalSection
	GlobalSection(SolutionProperties) = preSolution
		HideSolutionNode = FALSE
	EndGlobalSection
	GlobalSection(NestedProjects) = preSolution
		{BB0A02B1-DCFB-465C-A7EC-8E2E1DDEAF9B} = {AC003A70-522D-4D34-A85F-AB6A6CF6AD93}
		{EEEBE516-FDC0-487E-BDB5-C8DB71BC7682} = {AC003A70-522D-4D34-A85F-AB6A6CF6AD93}
		{5E45FF05-AFEB-446F-872F-65DB60CC8F8D} = {AC003A70-522D-4D34-A85F-AB6A6CF6AD93}
		{80386949-AB8D-40BF-8DAF-A7F444A94AA6} = {AC003A70-522D-4D34-A85F-AB6A6CF6AD93}
		{46E20C60-6ACB-48E3-AA2D-7ABCD10AD909} = {AC003A70-522D-4D34-A85F-AB6A6CF6AD93}
		{A9CD7364-081E-424C-BDD2-40A0EABBB8E0} = {AC003A70-522D-4D34-A85F-AB6A6CF6AD93}
		{1F1CDB74-919E-44CE-8CE2-D047D444BABC} = {AC003A70-522D-4D34-A85F-AB6A6CF6AD93}
		{9BE52A25-5998-4E3F-B3DD-6474699FABC9} = {AC003A70-522D-4D34-A85F-AB6A6CF6AD93}
		{E775C0D5-564F-4346-97F2-8403D44495AB} = {AC003A70-522D-4D34-A85F-AB6A6CF6AD93}
		{C229711A-12FA-41F6-885F-A4A100F79638} = {AC003A70-522D-4D34-A85F-AB6A6CF6AD93}
		{28233C02-7887-41F6-972B-DDBD6F38325C} = {AC003A70-522D-4D34-A85F-AB6A6CF6AD93}
		{ACCD5EB2-CA1B-46E0-A37E-9CB93393E4EA} = {AC003A70-522D-4D34-A85F-AB6A6CF6AD93}
		{B0CC01A6-ED5D-40D7-B662-6DA57E94B1EA} = {AC003A70-522D-4D34-A85F-AB6A6CF6AD93}
		{2E35E3D7-B6D4-4172-B7B1-290D55A6D8D1} = {AC003A70-522D-4D34-A85F-AB6A6CF6AD93}
		{0B07C5C1-436E-4AD0-BF04-731CDE2BE76A} = {AC003A70-522D-4D34-A85F-AB6A6CF6AD93}
		{9BC549FA-54E3-4AE2-86CE-B90DC7FCE1AA} = {AC003A70-522D-4D34-A85F-AB6A6CF6AD93}
		{64B29052-4C39-4C9D-99F3-994D7E5F1094} = {AC003A70-522D-4D34-A85F-AB6A6CF6AD93}
		{A2643AE1-6D4D-4ED7-A76B-03FB700762E0} = {AC003A70-522D-4D34-A85F-AB6A6CF6AD93}
		{7BD30F48-9156-4CFF-9338-3D9F44EBE0B7} = {AC003A70-522D-4D34-A85F-AB6A6CF6AD93}
		{B2F67EFB-B403-4C85-9A7B-5E7446142B30} = {AC003A70-522D-4D34-A85F-AB6A6CF6AD93}
		{66380822-53BF-4B97-BBBE-DEA666EC82EA} = {AC003A70-522D-4D34-A85F-AB6A6CF6AD93}
		{99DC046F-9B36-48DC-B653-AFCAB1E5220F} = {AC003A70-522D-4D34-A85F-AB6A6CF6AD93}
		{6360B709-8127-4F66-ADBC-56C01B1BE48C} = {AC003A70-522D-4D34-A85F-AB6A6CF6AD93}
		{5CD7F743-EB4B-4F3D-A2C4-21665A251103} = {AC003A70-522D-4D34-A85F-AB6A6CF6AD93}
		{F1235727-3012-4E39-8C71-C6D40A599BCE} = {AC003A70-522D-4D34-A85F-AB6A6CF6AD93}
		{1E7E1E21-EEB0-468B-A0AF-F138EE8EAA50} = {AC003A70-522D-4D34-A85F-AB6A6CF6AD93}
		{5BFA3069-8C28-431D-A0C7-D6CC9DADF4F8} = {AC003A70-522D-4D34-A85F-AB6A6CF6AD93}
		{03659431-2F3B-469A-9984-C249BB7D02E6} = {AC003A70-522D-4D34-A85F-AB6A6CF6AD93}
		{A0849089-9BDA-4635-825A-20FE0FC26A18} = {AC003A70-522D-4D34-A85F-AB6A6CF6AD93}
		{E972F048-9ECA-4AB8-9ED3-96367F054D0A} = {AC003A70-522D-4D34-A85F-AB6A6CF6AD93}
		{CC7931CD-887E-489E-8E0C-5C1D2619997E} = {AC003A70-522D-4D34-A85F-AB6A6CF6AD93}
		{D064C503-7A89-47C7-A7F2-FC871E763B7F} = {AC003A70-522D-4D34-A85F-AB6A6CF6AD93}
		{1BF2A354-E499-433B-892A-D4289A6ACE42} = {AC003A70-522D-4D34-A85F-AB6A6CF6AD93}
		{A3B84A81-2F63-43D9-A329-4E74DBB46E83} = {AC003A70-522D-4D34-A85F-AB6A6CF6AD93}
		{EF5935B2-B0F5-4863-8099-AC33D1ED4C6B} = {AC003A70-522D-4D34-A85F-AB6A6CF6AD93}
		{6FD07DC7-934A-4A8C-A010-CD01818E9C2E} = {AC003A70-522D-4D34-A85F-AB6A6CF6AD93}
		{2EC51FF5-CB0B-4BA7-BE68-BF520FEBD3A0} = {AC003A70-522D-4D34-A85F-AB6A6CF6AD93}
		{2DBA357C-8B62-4C46-9DCD-E9B90367F589} = {AC003A70-522D-4D34-A85F-AB6A6CF6AD93}
		{82CBD4D3-7778-4CA9-ACF2-6B2FDA584471} = {AC003A70-522D-4D34-A85F-AB6A6CF6AD93}
		{DCF7C8BF-6279-43D0-AEB2-9CC7527819D4} = {AC003A70-522D-4D34-A85F-AB6A6CF6AD93}
		{498B217B-D6BE-4E9E-BAA5-7C0D123FE474} = {AC003A70-522D-4D34-A85F-AB6A6CF6AD93}
		{88791965-4630-45EB-97F7-BE1D0CFCB4F7} = {AC003A70-522D-4D34-A85F-AB6A6CF6AD93}
		{D59613FB-E7BF-4877-801A-B2A98E36DB1D} = {AC003A70-522D-4D34-A85F-AB6A6CF6AD93}
		{65E09AE9-91CB-4DF8-B2AF-2BD6F83ECC27} = {AC003A70-522D-4D34-A85F-AB6A6CF6AD93}
	EndGlobalSection
	GlobalSection(ExtensibilityGlobals) = postSolution
		SolutionGuid = {C01BFBF2-3D78-4125-812D-0F34A7C96572}
	EndGlobalSection
EndGlobal
