
Microsoft Visual Studio Solution File, Format Version 12.00
# Visual Studio Version 17
VisualStudioVersion = 17.5.002.0
MinimumVisualStudioVersion = 10.0.40219.1
Project("{2150E333-8FDC-42A3-9474-1A3956D46DE8}") = "C#", "C#", "{F4D19FC6-0ED0-4CC2-8B37-93DE5CE02B64}"
EndProject
Project("{9A19103F-16F7-4668-BE54-9A1E7A4F7556}") = "3475", "C#\3475\3475.csproj", "{45F58C6F-BCCB-4D96-A8F3-2C236E3EF5AD}"
EndProject
Project("{9A19103F-16F7-4668-BE54-9A1E7A4F7556}") = "1010", "C#\1010\1010.csproj", "{5B671C72-EE51-4D11-A37E-8BC73CE2E067}"
EndProject
Project("{9A19103F-16F7-4668-BE54-9A1E7A4F7556}") = "2413", "C#\2413\2413.csproj", "{EC40C883-7086-4018-A8F7-797698C3D11A}"
EndProject
Project("{9A19103F-16F7-4668-BE54-9A1E7A4F7556}") = "2006", "C#\2006\2006.csproj", "{E00D5CC8-3933-4C70-8099-CC1C846DB6E6}"
EndProject
Project("{9A19103F-16F7-4668-BE54-9A1E7A4F7556}") = "1009", "C#\1009\1009.csproj", "{C959986C-2672-4697-954E-61D9BFC8B4A2}"
EndProject
Project("{9A19103F-16F7-4668-BE54-9A1E7A4F7556}") = "1008", "C#\1008\1008.csproj", "{846721EE-984E-495A-974A-D827C0A33BAC}"
EndProject
Project("{9A19103F-16F7-4668-BE54-9A1E7A4F7556}") = "1006", "C#\1006\1006.csproj", "{0DCAE084-1005-4815-AD90-702375B05CA7}"
EndProject
Project("{9A19103F-16F7-4668-BE54-9A1E7A4F7556}") = "1005", "C#\1005\1005.csproj", "{BB55C072-CB00-445B-ADA2-84D005A2C1DB}"
EndProject
Project("{9A19103F-16F7-4668-BE54-9A1E7A4F7556}") = "1047", "C#\1047\1047.csproj", "{95E75E8A-6E8E-423C-9399-16E988F1E382}"
EndProject
Project("{9A19103F-16F7-4668-BE54-9A1E7A4F7556}") = "1011", "C#\1011\1011.csproj", "{FB77D122-A137-42A5-AB51-EDE0915AFD41}"
EndProject
Project("{9A19103F-16F7-4668-BE54-9A1E7A4F7556}") = "1065", "C#\1065\1065.csproj", "{E80734CE-4240-4498-81A8-250C4990BA2C}"
EndProject
Project("{9A19103F-16F7-4668-BE54-9A1E7A4F7556}") = "1174", "C#\1174\1174.csproj", "{4D00BFA9-27C6-4867-B458-8364C8186910}"
EndProject
Project("{9A19103F-16F7-4668-BE54-9A1E7A4F7556}") = "1197", "C#\1197\1197.csproj", "{A67B34A7-51C6-4B85-AD67-E7E655740C25}"
EndProject
Project("{9A19103F-16F7-4668-BE54-9A1E7A4F7556}") = "3473", "C#\3473\3473.csproj", "{80F6A2B9-80A4-47BA-A506-FF66D32310B8}"
EndProject
Project("{9A19103F-16F7-4668-BE54-9A1E7A4F7556}") = "3104", "C#\3104\3104.csproj", "{52BFD878-E8BF-4A92-9C8A-167BBB5A08F0}"
EndProject
Project("{9A19103F-16F7-4668-BE54-9A1E7A4F7556}") = "1013", "C#\1013\1013.csproj", "{75C7775D-4F61-4E10-B2FD-0B38779CDA61}"
EndProject
Project("{9A19103F-16F7-4668-BE54-9A1E7A4F7556}") = "1014", "C#\1014\1014.csproj", "{5FB1DB6D-4E33-41D4-82CA-EE2E57DB73DD}"
EndProject
Project("{9A19103F-16F7-4668-BE54-9A1E7A4F7556}") = "1153", "C#\1153\1153.csproj", "{9E9BF8F4-AE7C-4C12-A181-037FDF7B0A65}"
EndProject
Project("{9A19103F-16F7-4668-BE54-9A1E7A4F7556}") = "1066", "C#\1066\1066.csproj", "{379DABCC-0FF8-482C-B8C8-1A9007D12153}"
EndProject
Project("{9A19103F-16F7-4668-BE54-9A1E7A4F7556}") = "1080", "C#\1080\1080.csproj", "{09AD3E04-ADC1-4FAC-9EF8-9616DFE85A39}"
EndProject
Project("{9A19103F-16F7-4668-BE54-9A1E7A4F7556}") = "1000", "C#\1000\1000.csproj", "{C8F8E434-95A9-4402-A63B-9B0183C24D14}"
EndProject
Project("{9A19103F-16F7-4668-BE54-9A1E7A4F7556}") = "1001", "C#\1001\1001.csproj", "{F867818C-495C-49FF-A8DD-DB8874247DA5}"
EndProject
Project("{9A19103F-16F7-4668-BE54-9A1E7A4F7556}") = "1012", "C#\1012\1012.csproj", "{91F6DEEF-1765-4D49-ACA0-FABF90C8FBB2}"
EndProject
Project("{9A19103F-16F7-4668-BE54-9A1E7A4F7556}") = "3303", "C#\3303\3303.csproj", "{A653A31D-1AB5-440A-83BD-8E77D93CBCC5}"
EndProject
Project("{9A19103F-16F7-4668-BE54-9A1E7A4F7556}") = "3342", "C#\3342\3342.csproj", "{5FE58DAB-34F8-465B-BD5D-B1E43392B1E0}"
EndProject
Project("{9A19103F-16F7-4668-BE54-9A1E7A4F7556}") = "1073", "C#\1073\1073.csproj", "{10959006-21B9-4A8B-A2F9-1E31DA1E3DF0}"
EndProject
Project("{9A19103F-16F7-4668-BE54-9A1E7A4F7556}") = "3358", "C#\3358\3358.csproj", "{88EADEC5-68FD-4D0A-8FAF-92B5677A8839}"
EndProject
Project("{9A19103F-16F7-4668-BE54-9A1E7A4F7556}") = "1142", "C#\1142\1142.csproj", "{7F067B5B-776F-4E80-ADC5-714B81F20B4A}"
EndProject
Project("{9A19103F-16F7-4668-BE54-9A1E7A4F7556}") = "1114", "C#\1114\1114.csproj", "{85159710-BB62-4408-94A6-086AC7D0FA95}"
EndProject
Project("{9A19103F-16F7-4668-BE54-9A1E7A4F7556}") = "1837", "C#\1837\1837.csproj", "{4025D01C-F705-4978-A57B-0C01B7D5FFD9}"
EndProject
Global
	GlobalSection(SolutionConfigurationPlatforms) = preSolution
		Debug|Any CPU = Debug|Any CPU
		Release|Any CPU = Release|Any CPU
	EndGlobalSection
	GlobalSection(ProjectConfigurationPlatforms) = postSolution
		{45F58C6F-BCCB-4D96-A8F3-2C236E3EF5AD}.Debug|Any CPU.ActiveCfg = Debug|Any CPU
		{45F58C6F-BCCB-4D96-A8F3-2C236E3EF5AD}.Debug|Any CPU.Build.0 = Debug|Any CPU
		{45F58C6F-BCCB-4D96-A8F3-2C236E3EF5AD}.Release|Any CPU.ActiveCfg = Release|Any CPU
		{45F58C6F-BCCB-4D96-A8F3-2C236E3EF5AD}.Release|Any CPU.Build.0 = Release|Any CPU
		{5B671C72-EE51-4D11-A37E-8BC73CE2E067}.Debug|Any CPU.ActiveCfg = Debug|Any CPU
		{5B671C72-EE51-4D11-A37E-8BC73CE2E067}.Debug|Any CPU.Build.0 = Debug|Any CPU
		{5B671C72-EE51-4D11-A37E-8BC73CE2E067}.Release|Any CPU.ActiveCfg = Release|Any CPU
		{5B671C72-EE51-4D11-A37E-8BC73CE2E067}.Release|Any CPU.Build.0 = Release|Any CPU
		{EC40C883-7086-4018-A8F7-797698C3D11A}.Debug|Any CPU.ActiveCfg = Debug|Any CPU
		{EC40C883-7086-4018-A8F7-797698C3D11A}.Debug|Any CPU.Build.0 = Debug|Any CPU
		{EC40C883-7086-4018-A8F7-797698C3D11A}.Release|Any CPU.ActiveCfg = Release|Any CPU
		{EC40C883-7086-4018-A8F7-797698C3D11A}.Release|Any CPU.Build.0 = Release|Any CPU
		{E00D5CC8-3933-4C70-8099-CC1C846DB6E6}.Debug|Any CPU.ActiveCfg = Debug|Any CPU
		{E00D5CC8-3933-4C70-8099-CC1C846DB6E6}.Debug|Any CPU.Build.0 = Debug|Any CPU
		{E00D5CC8-3933-4C70-8099-CC1C846DB6E6}.Release|Any CPU.ActiveCfg = Release|Any CPU
		{E00D5CC8-3933-4C70-8099-CC1C846DB6E6}.Release|Any CPU.Build.0 = Release|Any CPU
		{C959986C-2672-4697-954E-61D9BFC8B4A2}.Debug|Any CPU.ActiveCfg = Debug|Any CPU
		{C959986C-2672-4697-954E-61D9BFC8B4A2}.Debug|Any CPU.Build.0 = Debug|Any CPU
		{C959986C-2672-4697-954E-61D9BFC8B4A2}.Release|Any CPU.ActiveCfg = Release|Any CPU
		{C959986C-2672-4697-954E-61D9BFC8B4A2}.Release|Any CPU.Build.0 = Release|Any CPU
		{846721EE-984E-495A-974A-D827C0A33BAC}.Debug|Any CPU.ActiveCfg = Debug|Any CPU
		{846721EE-984E-495A-974A-D827C0A33BAC}.Debug|Any CPU.Build.0 = Debug|Any CPU
		{846721EE-984E-495A-974A-D827C0A33BAC}.Release|Any CPU.ActiveCfg = Release|Any CPU
		{846721EE-984E-495A-974A-D827C0A33BAC}.Release|Any CPU.Build.0 = Release|Any CPU
		{0DCAE084-1005-4815-AD90-702375B05CA7}.Debug|Any CPU.ActiveCfg = Debug|Any CPU
		{0DCAE084-1005-4815-AD90-702375B05CA7}.Debug|Any CPU.Build.0 = Debug|Any CPU
		{0DCAE084-1005-4815-AD90-702375B05CA7}.Release|Any CPU.ActiveCfg = Release|Any CPU
		{0DCAE084-1005-4815-AD90-702375B05CA7}.Release|Any CPU.Build.0 = Release|Any CPU
		{BB55C072-CB00-445B-ADA2-84D005A2C1DB}.Debug|Any CPU.ActiveCfg = Debug|Any CPU
		{BB55C072-CB00-445B-ADA2-84D005A2C1DB}.Debug|Any CPU.Build.0 = Debug|Any CPU
		{BB55C072-CB00-445B-ADA2-84D005A2C1DB}.Release|Any CPU.ActiveCfg = Release|Any CPU
		{BB55C072-CB00-445B-ADA2-84D005A2C1DB}.Release|Any CPU.Build.0 = Release|Any CPU
		{95E75E8A-6E8E-423C-9399-16E988F1E382}.Debug|Any CPU.ActiveCfg = Debug|Any CPU
		{95E75E8A-6E8E-423C-9399-16E988F1E382}.Debug|Any CPU.Build.0 = Debug|Any CPU
		{95E75E8A-6E8E-423C-9399-16E988F1E382}.Release|Any CPU.ActiveCfg = Release|Any CPU
		{95E75E8A-6E8E-423C-9399-16E988F1E382}.Release|Any CPU.Build.0 = Release|Any CPU
		{FB77D122-A137-42A5-AB51-EDE0915AFD41}.Debug|Any CPU.ActiveCfg = Debug|Any CPU
		{FB77D122-A137-42A5-AB51-EDE0915AFD41}.Debug|Any CPU.Build.0 = Debug|Any CPU
		{FB77D122-A137-42A5-AB51-EDE0915AFD41}.Release|Any CPU.ActiveCfg = Release|Any CPU
		{FB77D122-A137-42A5-AB51-EDE0915AFD41}.Release|Any CPU.Build.0 = Release|Any CPU
		{E80734CE-4240-4498-81A8-250C4990BA2C}.Debug|Any CPU.ActiveCfg = Debug|Any CPU
		{E80734CE-4240-4498-81A8-250C4990BA2C}.Debug|Any CPU.Build.0 = Debug|Any CPU
		{E80734CE-4240-4498-81A8-250C4990BA2C}.Release|Any CPU.ActiveCfg = Release|Any CPU
		{E80734CE-4240-4498-81A8-250C4990BA2C}.Release|Any CPU.Build.0 = Release|Any CPU
		{4D00BFA9-27C6-4867-B458-8364C8186910}.Debug|Any CPU.ActiveCfg = Debug|Any CPU
		{4D00BFA9-27C6-4867-B458-8364C8186910}.Debug|Any CPU.Build.0 = Debug|Any CPU
		{4D00BFA9-27C6-4867-B458-8364C8186910}.Release|Any CPU.ActiveCfg = Release|Any CPU
		{4D00BFA9-27C6-4867-B458-8364C8186910}.Release|Any CPU.Build.0 = Release|Any CPU
		{A67B34A7-51C6-4B85-AD67-E7E655740C25}.Debug|Any CPU.ActiveCfg = Debug|Any CPU
		{A67B34A7-51C6-4B85-AD67-E7E655740C25}.Debug|Any CPU.Build.0 = Debug|Any CPU
		{A67B34A7-51C6-4B85-AD67-E7E655740C25}.Release|Any CPU.ActiveCfg = Release|Any CPU
		{A67B34A7-51C6-4B85-AD67-E7E655740C25}.Release|Any CPU.Build.0 = Release|Any CPU
		{80F6A2B9-80A4-47BA-A506-FF66D32310B8}.Debug|Any CPU.ActiveCfg = Debug|Any CPU
		{80F6A2B9-80A4-47BA-A506-FF66D32310B8}.Debug|Any CPU.Build.0 = Debug|Any CPU
		{80F6A2B9-80A4-47BA-A506-FF66D32310B8}.Release|Any CPU.ActiveCfg = Release|Any CPU
		{80F6A2B9-80A4-47BA-A506-FF66D32310B8}.Release|Any CPU.Build.0 = Release|Any CPU
		{52BFD878-E8BF-4A92-9C8A-167BBB5A08F0}.Debug|Any CPU.ActiveCfg = Debug|Any CPU
		{52BFD878-E8BF-4A92-9C8A-167BBB5A08F0}.Debug|Any CPU.Build.0 = Debug|Any CPU
		{52BFD878-E8BF-4A92-9C8A-167BBB5A08F0}.Release|Any CPU.ActiveCfg = Release|Any CPU
		{52BFD878-E8BF-4A92-9C8A-167BBB5A08F0}.Release|Any CPU.Build.0 = Release|Any CPU
		{75C7775D-4F61-4E10-B2FD-0B38779CDA61}.Debug|Any CPU.ActiveCfg = Debug|Any CPU
		{75C7775D-4F61-4E10-B2FD-0B38779CDA61}.Debug|Any CPU.Build.0 = Debug|Any CPU
		{75C7775D-4F61-4E10-B2FD-0B38779CDA61}.Release|Any CPU.ActiveCfg = Release|Any CPU
		{75C7775D-4F61-4E10-B2FD-0B38779CDA61}.Release|Any CPU.Build.0 = Release|Any CPU
		{5FB1DB6D-4E33-41D4-82CA-EE2E57DB73DD}.Debug|Any CPU.ActiveCfg = Debug|Any CPU
		{5FB1DB6D-4E33-41D4-82CA-EE2E57DB73DD}.Debug|Any CPU.Build.0 = Debug|Any CPU
		{5FB1DB6D-4E33-41D4-82CA-EE2E57DB73DD}.Release|Any CPU.ActiveCfg = Release|Any CPU
		{5FB1DB6D-4E33-41D4-82CA-EE2E57DB73DD}.Release|Any CPU.Build.0 = Release|Any CPU
		{9E9BF8F4-AE7C-4C12-A181-037FDF7B0A65}.Debug|Any CPU.ActiveCfg = Debug|Any CPU
		{9E9BF8F4-AE7C-4C12-A181-037FDF7B0A65}.Debug|Any CPU.Build.0 = Debug|Any CPU
		{9E9BF8F4-AE7C-4C12-A181-037FDF7B0A65}.Release|Any CPU.ActiveCfg = Release|Any CPU
		{9E9BF8F4-AE7C-4C12-A181-037FDF7B0A65}.Release|Any CPU.Build.0 = Release|Any CPU
		{379DABCC-0FF8-482C-B8C8-1A9007D12153}.Debug|Any CPU.ActiveCfg = Debug|Any CPU
		{379DABCC-0FF8-482C-B8C8-1A9007D12153}.Debug|Any CPU.Build.0 = Debug|Any CPU
		{379DABCC-0FF8-482C-B8C8-1A9007D12153}.Release|Any CPU.ActiveCfg = Release|Any CPU
		{379DABCC-0FF8-482C-B8C8-1A9007D12153}.Release|Any CPU.Build.0 = Release|Any CPU
		{09AD3E04-ADC1-4FAC-9EF8-9616DFE85A39}.Debug|Any CPU.ActiveCfg = Debug|Any CPU
		{09AD3E04-ADC1-4FAC-9EF8-9616DFE85A39}.Debug|Any CPU.Build.0 = Debug|Any CPU
		{09AD3E04-ADC1-4FAC-9EF8-9616DFE85A39}.Release|Any CPU.ActiveCfg = Release|Any CPU
		{09AD3E04-ADC1-4FAC-9EF8-9616DFE85A39}.Release|Any CPU.Build.0 = Release|Any CPU
		{C8F8E434-95A9-4402-A63B-9B0183C24D14}.Debug|Any CPU.ActiveCfg = Debug|Any CPU
		{C8F8E434-95A9-4402-A63B-9B0183C24D14}.Debug|Any CPU.Build.0 = Debug|Any CPU
		{C8F8E434-95A9-4402-A63B-9B0183C24D14}.Release|Any CPU.ActiveCfg = Release|Any CPU
		{C8F8E434-95A9-4402-A63B-9B0183C24D14}.Release|Any CPU.Build.0 = Release|Any CPU
		{F867818C-495C-49FF-A8DD-DB8874247DA5}.Debug|Any CPU.ActiveCfg = Debug|Any CPU
		{F867818C-495C-49FF-A8DD-DB8874247DA5}.Debug|Any CPU.Build.0 = Debug|Any CPU
		{F867818C-495C-49FF-A8DD-DB8874247DA5}.Release|Any CPU.ActiveCfg = Release|Any CPU
		{F867818C-495C-49FF-A8DD-DB8874247DA5}.Release|Any CPU.Build.0 = Release|Any CPU
		{91F6DEEF-1765-4D49-ACA0-FABF90C8FBB2}.Debug|Any CPU.ActiveCfg = Debug|Any CPU
		{91F6DEEF-1765-4D49-ACA0-FABF90C8FBB2}.Debug|Any CPU.Build.0 = Debug|Any CPU
		{91F6DEEF-1765-4D49-ACA0-FABF90C8FBB2}.Release|Any CPU.ActiveCfg = Release|Any CPU
		{91F6DEEF-1765-4D49-ACA0-FABF90C8FBB2}.Release|Any CPU.Build.0 = Release|Any CPU
		{A653A31D-1AB5-440A-83BD-8E77D93CBCC5}.Debug|Any CPU.ActiveCfg = Debug|Any CPU
		{A653A31D-1AB5-440A-83BD-8E77D93CBCC5}.Debug|Any CPU.Build.0 = Debug|Any CPU
		{A653A31D-1AB5-440A-83BD-8E77D93CBCC5}.Release|Any CPU.ActiveCfg = Release|Any CPU
		{A653A31D-1AB5-440A-83BD-8E77D93CBCC5}.Release|Any CPU.Build.0 = Release|Any CPU
		{5FE58DAB-34F8-465B-BD5D-B1E43392B1E0}.Debug|Any CPU.ActiveCfg = Debug|Any CPU
		{5FE58DAB-34F8-465B-BD5D-B1E43392B1E0}.Debug|Any CPU.Build.0 = Debug|Any CPU
		{5FE58DAB-34F8-465B-BD5D-B1E43392B1E0}.Release|Any CPU.ActiveCfg = Release|Any CPU
		{5FE58DAB-34F8-465B-BD5D-B1E43392B1E0}.Release|Any CPU.Build.0 = Release|Any CPU
		{10959006-21B9-4A8B-A2F9-1E31DA1E3DF0}.Debug|Any CPU.ActiveCfg = Debug|Any CPU
		{10959006-21B9-4A8B-A2F9-1E31DA1E3DF0}.Debug|Any CPU.Build.0 = Debug|Any CPU
		{10959006-21B9-4A8B-A2F9-1E31DA1E3DF0}.Release|Any CPU.ActiveCfg = Release|Any CPU
		{10959006-21B9-4A8B-A2F9-1E31DA1E3DF0}.Release|Any CPU.Build.0 = Release|Any CPU
		{88EADEC5-68FD-4D0A-8FAF-92B5677A8839}.Debug|Any CPU.ActiveCfg = Debug|Any CPU
		{88EADEC5-68FD-4D0A-8FAF-92B5677A8839}.Debug|Any CPU.Build.0 = Debug|Any CPU
		{88EADEC5-68FD-4D0A-8FAF-92B5677A8839}.Release|Any CPU.ActiveCfg = Release|Any CPU
		{88EADEC5-68FD-4D0A-8FAF-92B5677A8839}.Release|Any CPU.Build.0 = Release|Any CPU
		{7F067B5B-776F-4E80-ADC5-714B81F20B4A}.Debug|Any CPU.ActiveCfg = Debug|Any CPU
		{7F067B5B-776F-4E80-ADC5-714B81F20B4A}.Debug|Any CPU.Build.0 = Debug|Any CPU
		{7F067B5B-776F-4E80-ADC5-714B81F20B4A}.Release|Any CPU.ActiveCfg = Release|Any CPU
		{7F067B5B-776F-4E80-ADC5-714B81F20B4A}.Release|Any CPU.Build.0 = Release|Any CPU
		{85159710-BB62-4408-94A6-086AC7D0FA95}.Debug|Any CPU.ActiveCfg = Debug|Any CPU
		{85159710-BB62-4408-94A6-086AC7D0FA95}.Debug|Any CPU.Build.0 = Debug|Any CPU
		{85159710-BB62-4408-94A6-086AC7D0FA95}.Release|Any CPU.ActiveCfg = Release|Any CPU
		{85159710-BB62-4408-94A6-086AC7D0FA95}.Release|Any CPU.Build.0 = Release|Any CPU
		{4025D01C-F705-4978-A57B-0C01B7D5FFD9}.Debug|Any CPU.ActiveCfg = Debug|Any CPU
		{4025D01C-F705-4978-A57B-0C01B7D5FFD9}.Debug|Any CPU.Build.0 = Debug|Any CPU
		{4025D01C-F705-4978-A57B-0C01B7D5FFD9}.Release|Any CPU.ActiveCfg = Release|Any CPU
		{4025D01C-F705-4978-A57B-0C01B7D5FFD9}.Release|Any CPU.Build.0 = Release|Any CPU
	EndGlobalSection
	GlobalSection(SolutionProperties) = preSolution
		HideSolutionNode = FALSE
	EndGlobalSection
	GlobalSection(NestedProjects) = preSolution
		{45F58C6F-BCCB-4D96-A8F3-2C236E3EF5AD} = {F4D19FC6-0ED0-4CC2-8B37-93DE5CE02B64}
		{5B671C72-EE51-4D11-A37E-8BC73CE2E067} = {F4D19FC6-0ED0-4CC2-8B37-93DE5CE02B64}
		{EC40C883-7086-4018-A8F7-797698C3D11A} = {F4D19FC6-0ED0-4CC2-8B37-93DE5CE02B64}
		{E00D5CC8-3933-4C70-8099-CC1C846DB6E6} = {F4D19FC6-0ED0-4CC2-8B37-93DE5CE02B64}
		{C959986C-2672-4697-954E-61D9BFC8B4A2} = {F4D19FC6-0ED0-4CC2-8B37-93DE5CE02B64}
		{846721EE-984E-495A-974A-D827C0A33BAC} = {F4D19FC6-0ED0-4CC2-8B37-93DE5CE02B64}
		{0DCAE084-1005-4815-AD90-702375B05CA7} = {F4D19FC6-0ED0-4CC2-8B37-93DE5CE02B64}
		{BB55C072-CB00-445B-ADA2-84D005A2C1DB} = {F4D19FC6-0ED0-4CC2-8B37-93DE5CE02B64}
		{95E75E8A-6E8E-423C-9399-16E988F1E382} = {F4D19FC6-0ED0-4CC2-8B37-93DE5CE02B64}
		{FB77D122-A137-42A5-AB51-EDE0915AFD41} = {F4D19FC6-0ED0-4CC2-8B37-93DE5CE02B64}
		{E80734CE-4240-4498-81A8-250C4990BA2C} = {F4D19FC6-0ED0-4CC2-8B37-93DE5CE02B64}
		{4D00BFA9-27C6-4867-B458-8364C8186910} = {F4D19FC6-0ED0-4CC2-8B37-93DE5CE02B64}
		{A67B34A7-51C6-4B85-AD67-E7E655740C25} = {F4D19FC6-0ED0-4CC2-8B37-93DE5CE02B64}
		{80F6A2B9-80A4-47BA-A506-FF66D32310B8} = {F4D19FC6-0ED0-4CC2-8B37-93DE5CE02B64}
		{52BFD878-E8BF-4A92-9C8A-167BBB5A08F0} = {F4D19FC6-0ED0-4CC2-8B37-93DE5CE02B64}
		{75C7775D-4F61-4E10-B2FD-0B38779CDA61} = {F4D19FC6-0ED0-4CC2-8B37-93DE5CE02B64}
		{5FB1DB6D-4E33-41D4-82CA-EE2E57DB73DD} = {F4D19FC6-0ED0-4CC2-8B37-93DE5CE02B64}
		{9E9BF8F4-AE7C-4C12-A181-037FDF7B0A65} = {F4D19FC6-0ED0-4CC2-8B37-93DE5CE02B64}
		{379DABCC-0FF8-482C-B8C8-1A9007D12153} = {F4D19FC6-0ED0-4CC2-8B37-93DE5CE02B64}
		{09AD3E04-ADC1-4FAC-9EF8-9616DFE85A39} = {F4D19FC6-0ED0-4CC2-8B37-93DE5CE02B64}
		{C8F8E434-95A9-4402-A63B-9B0183C24D14} = {F4D19FC6-0ED0-4CC2-8B37-93DE5CE02B64}
		{F867818C-495C-49FF-A8DD-DB8874247DA5} = {F4D19FC6-0ED0-4CC2-8B37-93DE5CE02B64}
		{91F6DEEF-1765-4D49-ACA0-FABF90C8FBB2} = {F4D19FC6-0ED0-4CC2-8B37-93DE5CE02B64}
		{A653A31D-1AB5-440A-83BD-8E77D93CBCC5} = {F4D19FC6-0ED0-4CC2-8B37-93DE5CE02B64}
		{5FE58DAB-34F8-465B-BD5D-B1E43392B1E0} = {F4D19FC6-0ED0-4CC2-8B37-93DE5CE02B64}
		{10959006-21B9-4A8B-A2F9-1E31DA1E3DF0} = {F4D19FC6-0ED0-4CC2-8B37-93DE5CE02B64}
		{88EADEC5-68FD-4D0A-8FAF-92B5677A8839} = {F4D19FC6-0ED0-4CC2-8B37-93DE5CE02B64}
		{7F067B5B-776F-4E80-ADC5-714B81F20B4A} = {F4D19FC6-0ED0-4CC2-8B37-93DE5CE02B64}
		{85159710-BB62-4408-94A6-086AC7D0FA95} = {F4D19FC6-0ED0-4CC2-8B37-93DE5CE02B64}
		{4025D01C-F705-4978-A57B-0C01B7D5FFD9} = {F4D19FC6-0ED0-4CC2-8B37-93DE5CE02B64}
	EndGlobalSection
	GlobalSection(ExtensibilityGlobals) = postSolution
		SolutionGuid = {6C2CD82C-FB7D-4415-BF4D-F3C33145B6AA}
	EndGlobalSection
EndGlobal
